<?xml version="1.0" encoding="UTF-8" ?>
<!DOCTYPE plist PUBLIC "-//Apple//DTD PLIST 1.0//EN" "http://www.apple.com/DTDs/PropertyList-1.0.dtd">
<plist version="1.0">
    <dict>
        <key>archiveVersion</key>
        <string>1</string>
        <key>classes</key>
        <dict />
        <key>objectVersion</key>
        <string>45</string>
        <key>objects</key>
        <dict>
            <key>19C28FACFE9D520D11CA2CBB</key>
            <dict>
                <key>children</key>
                <array>
                    <string>1D6058910D05DD3D006BFB54</string>
                </array>
                <key>isa</key>
                <string>PBXGroup</string>
                <key>name</key>
                <string>Products</string>
                <key>sourceTree</key>
                <string>&lt;group&gt;</string>
            </dict>
            <key>1D30AB110D05D00D00671497</key>
            <dict>
                <key>isa</key>
                <string>PBXFileReference</string>
                <key>lastKnownFileType</key>
                <string>wrapper.framework</string>
                <key>name</key>
                <string>Foundation.framework</string>
                <key>path</key>
                <string>System/Library/Frameworks/Foundation.framework</string>
                <key>sourceTree</key>
                <string>SDKROOT</string>
            </dict>
            <key>1D60588D0D05DD3D006BFB54</key>
            <dict>
                <key>buildActionMask</key>
                <string>2147483647</string>
                <key>files</key>
                <array>
                    <string>BB24DD8F10DA77E000E9C588</string>
                    <string>BB24DD9010DA77E000E9C588</string>
                    <string>BB24DDCA10DA781C00E9C588</string>
                    <string>E41D3ED713B38FB500A75A5D</string>
                    <string>E41D3EE613B3906D00A75A5D</string>
                    <string>da34fac9644149274d34d3e266187f65</string>
                    <string>b6ff9ce54be678382a1e65aef7a787ce</string>
                </array>
                <key>isa</key>
                <string>PBXResourcesBuildPhase</string>
                <key>runOnlyForDeploymentPostprocessing</key>
                <string>0</string>
            </dict>
            <key>1D60588E0D05DD3D006BFB54</key>
            <dict>
                <key>buildActionMask</key>
                <string>2147483647</string>
                <key>files</key>
                <array>
                    <string>E4D8936E11527B74007E1F53</string>
                    <string>E4D8936F11527B74007E1F53</string>
                    <string>259da76c028adaa20996723e102a6ccd</string>
                    <string>d88d764a83ef6141a37bfd8a797dc59d</string>
                    <string>ac59cecc06d479990bb40dc4b6e8d708</string>
                    <string>134078e8f8f4f24368b31f26166fec03</string>
                    <string>dbf87635ae30aae223f0609e6ee16e2f</string>
                    <string>7829c785a0dd56718cb46bcc3b066ff1</string>
                    <string>0b2e55fee13134ce9b57d3bffd6d5dab</string>
                    <string>fa02e41cc3c31623a3c25c41e43a9438</string>
                    <string>f9c1c76ad38a71d0480b9312b894b59b</string>
                </array>
                <key>isa</key>
                <string>PBXSourcesBuildPhase</string>
                <key>runOnlyForDeploymentPostprocessing</key>
                <string>0</string>
            </dict>
            <key>1D60588F0D05DD3D006BFB54</key>
            <dict>
                <key>buildActionMask</key>
                <string>2147483647</string>
                <key>files</key>
                <array>
                    <string>E41D421413B3A95300A75A5D</string>
                    <string>1D60589F0D05DD5A006BFB54</string>
                    <string>1DF5F4E00D08C38300B7A737</string>
                    <string>288765FD0DF74451002DB57D</string>
                    <string>BB16EBD20F2B2A9500518274</string>
                    <string>BB16EBD90F2B2AB500518274</string>
                    <string>BBE5EAB80F49AD8400F28951</string>
                    <string>53F323EB10A20EDB00E0DAE4</string>
                    <string>5326AEA810A23A0500278DE6</string>
                    <string>E4A823A412561BE3002F86A2</string>
                    <string>E41D400B13B39D2100A75A5D</string>
                    <string>E41D400C13B39D2100A75A5D</string>
                    <string>E41D400D13B39D2100A75A5D</string>
                    <string>E41D400E13B39D2100A75A5D</string>
                </array>
                <key>isa</key>
                <string>PBXFrameworksBuildPhase</string>
                <key>runOnlyForDeploymentPostprocessing</key>
                <string>0</string>
            </dict>
            <key>1D6058900D05DD3D006BFB54</key>
            <dict>
                <key>buildConfigurationList</key>
                <string>1D6058960D05DD3E006BFB54</string>
                <key>buildPhases</key>
                <array>
                    <string>1D60588D0D05DD3D006BFB54</string>
                    <string>1D60588E0D05DD3D006BFB54</string>
                    <string>1D60588F0D05DD3D006BFB54</string>
                    <string>9255DD331112741900D6945E</string>
                </array>
                <key>buildRules</key>
                <array />
                <key>dependencies</key>
                <array>
                    <string>E41D410413B3A11300A75A5D</string>
                </array>
                <key>isa</key>
                <string>PBXNativeTarget</string>
                <key>name</key>
                <string>opencvFaceExample</string>
                <key>productName</key>
                <string>iPhone</string>
                <key>productReference</key>
                <string>1D6058910D05DD3D006BFB54</string>
                <key>productType</key>
                <string>com.apple.product-type.application</string>
            </dict>
            <key>1D6058910D05DD3D006BFB54</key>
            <dict>
                <key>explicitFileType</key>
                <string>wrapper.application</string>
                <key>includeInIndex</key>
                <string>0</string>
                <key>isa</key>
                <string>PBXFileReference</string>
                <key>path</key>
                <string>opencvFaceExample.app</string>
                <key>sourceTree</key>
                <string>BUILT_PRODUCTS_DIR</string>
            </dict>
            <key>1D6058940D05DD3E006BFB54</key>
            <dict>
                <key>buildSettings</key>
                <dict>
                    <key>ALWAYS_SEARCH_USER_PATHS</key>
                    <string>NO</string>
                    <key>GCC_PRECOMPILE_PREFIX_HEADER</key>
                    <string>YES</string>
                    <key>GCC_PREFIX_HEADER</key>
                    <string>iPhone_Prefix.pch</string>
                    <key>INFOPLIST_FILE</key>
                    <string>ofxiphone-Info.plist</string>
                    <key>PRODUCT_NAME</key>
                    <string>${TARGET_NAME}</string>
                </dict>
                <key>isa</key>
                <string>XCBuildConfiguration</string>
                <key>name</key>
                <string>Debug</string>
            </dict>
            <key>1D6058950D05DD3E006BFB54</key>
            <dict>
                <key>buildSettings</key>
                <dict>
                    <key>GCC_PRECOMPILE_PREFIX_HEADER</key>
                    <string>YES</string>
                    <key>GCC_PREFIX_HEADER</key>
                    <string>iPhone_Prefix.pch</string>
                    <key>INFOPLIST_FILE</key>
                    <string>ofxiphone-Info.plist</string>
                    <key>PRODUCT_NAME</key>
                    <string>${TARGET_NAME}</string>
                </dict>
                <key>isa</key>
                <string>XCBuildConfiguration</string>
                <key>name</key>
                <string>Release</string>
            </dict>
            <key>1D6058960D05DD3E006BFB54</key>
            <dict>
                <key>buildConfigurations</key>
                <array>
                    <string>1D6058940D05DD3E006BFB54</string>
                    <string>1D6058950D05DD3E006BFB54</string>
                </array>
                <key>defaultConfigurationIsVisible</key>
                <string>0</string>
                <key>defaultConfigurationName</key>
                <string>Release</string>
                <key>isa</key>
                <string>XCConfigurationList</string>
            </dict>
            <key>1D60589F0D05DD5A006BFB54</key>
            <dict>
                <key>fileRef</key>
                <string>1D30AB110D05D00D00671497</string>
                <key>isa</key>
                <string>PBXBuildFile</string>
            </dict>
            <key>1DF5F4DF0D08C38300B7A737</key>
            <dict>
                <key>isa</key>
                <string>PBXFileReference</string>
                <key>lastKnownFileType</key>
                <string>wrapper.framework</string>
                <key>name</key>
                <string>UIKit.framework</string>
                <key>path</key>
                <string>System/Library/Frameworks/UIKit.framework</string>
                <key>sourceTree</key>
                <string>SDKROOT</string>
            </dict>
            <key>1DF5F4E00D08C38300B7A737</key>
            <dict>
                <key>fileRef</key>
                <string>1DF5F4DF0D08C38300B7A737</string>
                <key>isa</key>
                <string>PBXBuildFile</string>
            </dict>
            <key>288765FC0DF74451002DB57D</key>
            <dict>
                <key>isa</key>
                <string>PBXFileReference</string>
                <key>lastKnownFileType</key>
                <string>wrapper.framework</string>
                <key>name</key>
                <string>CoreGraphics.framework</string>
                <key>path</key>
                <string>System/Library/Frameworks/CoreGraphics.framework</string>
                <key>sourceTree</key>
                <string>SDKROOT</string>
            </dict>
            <key>288765FD0DF74451002DB57D</key>
            <dict>
                <key>fileRef</key>
                <string>288765FC0DF74451002DB57D</string>
                <key>isa</key>
                <string>PBXBuildFile</string>
            </dict>
            <key>29B97313FDCFA39411CA2CEA</key>
            <dict>
                <key>buildConfigurationList</key>
                <string>C01FCF4E08A954540054247B</string>
                <key>compatibilityVersion</key>
                <string>Xcode 3.1</string>
                <key>developmentRegion</key>
                <string>English</string>
                <key>hasScannedForEncodings</key>
                <string>1</string>
                <key>isa</key>
                <string>PBXProject</string>
                <key>knownRegions</key>
                <array>
                    <string>English</string>
                    <string>Japanese</string>
                    <string>French</string>
                    <string>German</string>
                </array>
                <key>mainGroup</key>
                <string>29B97314FDCFA39411CA2CEA</string>
                <key>projectDirPath</key>
                <string />
                <key>projectReferences</key>
                <array>
                    <dict>
                        <key>ProductGroup</key>
                        <string>E41D40FE13B3A0D800A75A5D</string>
                        <key>ProjectRef</key>
                        <string>E41D40FD13B3A0D800A75A5D</string>
                    </dict>
                </array>
                <key>projectRoot</key>
                <string />
                <key>targets</key>
                <array>
                    <string>1D6058900D05DD3D006BFB54</string>
                </array>
            </dict>
            <key>29B97314FDCFA39411CA2CEA</key>
            <dict>
                <key>children</key>
                <array>
                    <string>E4D8936A11527B74007E1F53</string>
                    <string>BB24DD8B10DA77E000E9C588</string>
                    <string>BB24E1F710DAA51900E9C588</string>
                    <string>BB16F26B0F2B646B00518274</string>
                    <string>BB16E9930F2B1E5900518274</string>
                    <string>19C28FACFE9D520D11CA2CBB</string>
                </array>
                <key>isa</key>
                <string>PBXGroup</string>
                <key>name</key>
                <string>CustomTemplate</string>
                <key>sourceTree</key>
                <string>&lt;group&gt;</string>
            </dict>
            <key>29B97323FDCFA39411CA2CEA</key>
            <dict>
                <key>children</key>
                <array>
                    <string>E41D400613B39D2100A75A5D</string>
                    <string>E41D400713B39D2100A75A5D</string>
                    <string>E41D400813B39D2100A75A5D</string>
                    <string>E41D400913B39D2100A75A5D</string>
                    <string>53F323EA10A20EDB00E0DAE4</string>
                    <string>E4A823A312561BE3002F86A2</string>
                    <string>BBE5EAB70F49AD8400F28951</string>
                    <string>BB16EBD80F2B2AB500518274</string>
                    <string>BB16EBD10F2B2A9500518274</string>
                    <string>1DF5F4DF0D08C38300B7A737</string>
                    <string>1D30AB110D05D00D00671497</string>
                    <string>288765FC0DF74451002DB57D</string>
                    <string>5326AEA710A23A0500278DE6</string>
                </array>
                <key>isa</key>
                <string>PBXGroup</string>
                <key>name</key>
                <string>core frameworks</string>
                <key>sourceTree</key>
                <string>&lt;group&gt;</string>
            </dict>
            <key>32CA4F630368D1EE00C91783</key>
            <dict>
                <key>fileEncoding</key>
                <string>4</string>
                <key>isa</key>
                <string>PBXFileReference</string>
                <key>lastKnownFileType</key>
                <string>sourcecode.c.h</string>
                <key>path</key>
                <string>iPhone_Prefix.pch</string>
                <key>sourceTree</key>
                <string>&lt;group&gt;</string>
            </dict>
            <key>5326AEA710A23A0500278DE6</key>
            <dict>
                <key>isa</key>
                <string>PBXFileReference</string>
                <key>lastKnownFileType</key>
                <string>wrapper.framework</string>
                <key>name</key>
                <string>CoreLocation.framework</string>
                <key>path</key>
                <string>System/Library/Frameworks/CoreLocation.framework</string>
                <key>sourceTree</key>
                <string>SDKROOT</string>
            </dict>
            <key>5326AEA810A23A0500278DE6</key>
            <dict>
                <key>fileRef</key>
                <string>5326AEA710A23A0500278DE6</string>
                <key>isa</key>
                <string>PBXBuildFile</string>
            </dict>
            <key>53F323EA10A20EDB00E0DAE4</key>
            <dict>
                <key>isa</key>
                <string>PBXFileReference</string>
                <key>lastKnownFileType</key>
                <string>wrapper.framework</string>
                <key>name</key>
                <string>OpenAL.framework</string>
                <key>path</key>
                <string>System/Library/Frameworks/OpenAL.framework</string>
                <key>sourceTree</key>
                <string>SDKROOT</string>
            </dict>
            <key>53F323EB10A20EDB00E0DAE4</key>
            <dict>
                <key>fileRef</key>
                <string>53F323EA10A20EDB00E0DAE4</string>
                <key>isa</key>
                <string>PBXBuildFile</string>
            </dict>
            <key>9255DD331112741900D6945E</key>
            <dict>
                <key>buildActionMask</key>
                <string>2147483647</string>
                <key>files</key>
                <array />
                <key>inputPaths</key>
                <array />
                <key>isa</key>
                <string>PBXShellScriptBuildPhase</string>
                <key>outputPaths</key>
                <array />
                <key>runOnlyForDeploymentPostprocessing</key>
                <string>0</string>
                <key>shellPath</key>
                <string>/bin/sh</string>
                <key>shellScript</key>
                <string>cp -rf bin/data/ &quot;$TARGET_BUILD_DIR/$PRODUCT_NAME.app&quot;</string>
            </dict>
            <key>BB16E9930F2B1E5900518274</key>
            <dict>
                <key>children</key>
                <array>
                    <string>BBE5E94E0F497BD800F28951</string>
                </array>
                <key>isa</key>
                <string>PBXGroup</string>
                <key>name</key>
                <string>libs</string>
                <key>sourceTree</key>
                <string>&lt;group&gt;</string>
            </dict>
            <key>BB16EBD10F2B2A9500518274</key>
            <dict>
                <key>isa</key>
                <string>PBXFileReference</string>
                <key>lastKnownFileType</key>
                <string>wrapper.framework</string>
                <key>name</key>
                <string>OpenGLES.framework</string>
                <key>path</key>
                <string>System/Library/Frameworks/OpenGLES.framework</string>
                <key>sourceTree</key>
                <string>SDKROOT</string>
            </dict>
            <key>BB16EBD20F2B2A9500518274</key>
            <dict>
                <key>fileRef</key>
                <string>BB16EBD10F2B2A9500518274</string>
                <key>isa</key>
                <string>PBXBuildFile</string>
            </dict>
            <key>BB16EBD80F2B2AB500518274</key>
            <dict>
                <key>isa</key>
                <string>PBXFileReference</string>
                <key>lastKnownFileType</key>
                <string>wrapper.framework</string>
                <key>name</key>
                <string>QuartzCore.framework</string>
                <key>path</key>
                <string>System/Library/Frameworks/QuartzCore.framework</string>
                <key>sourceTree</key>
                <string>SDKROOT</string>
            </dict>
            <key>BB16EBD90F2B2AB500518274</key>
            <dict>
                <key>fileRef</key>
                <string>BB16EBD80F2B2AB500518274</string>
                <key>isa</key>
                <string>PBXBuildFile</string>
            </dict>
            <key>BB16F26B0F2B646B00518274</key>
            <dict>
                <key>children</key>
                <array>
                    <string>d25ed262554e8f281794adead3c706ad</string>
                </array>
                <key>isa</key>
                <string>PBXGroup</string>
                <key>name</key>
                <string>addons</string>
                <key>sourceTree</key>
                <string>&lt;group&gt;</string>
            </dict>
            <key>BB24DD8B10DA77E000E9C588</key>
            <dict>
                <key>children</key>
                <array>
                    <string>BB24DD8C10DA77E000E9C588</string>
                    <string>BB24DD8D10DA77E000E9C588</string>
                    <string>125d44313844639e58c9ac6d27895292</string>
                    <string>8f0a026e25cc6ddd05207f3e327099b3</string>
                </array>
                <key>isa</key>
                <string>PBXGroup</string>
                <key>name</key>
                <string>data</string>
                <key>path</key>
                <string>bin/data</string>
                <key>sourceTree</key>
                <string>&lt;group&gt;</string>
            </dict>
            <key>BB24DD8C10DA77E000E9C588</key>
            <dict>
                <key>isa</key>
                <string>PBXFileReference</string>
                <key>lastKnownFileType</key>
                <string>image.png</string>
                <key>path</key>
                <string>Default.png</string>
                <key>sourceTree</key>
                <string>&lt;group&gt;</string>
            </dict>
            <key>BB24DD8D10DA77E000E9C588</key>
            <dict>
                <key>isa</key>
                <string>PBXFileReference</string>
                <key>lastKnownFileType</key>
                <string>image.png</string>
                <key>path</key>
                <string>Icon.png</string>
                <key>sourceTree</key>
                <string>&lt;group&gt;</string>
            </dict>
            <key>BB24DD8F10DA77E000E9C588</key>
            <dict>
                <key>fileRef</key>
                <string>BB24DD8C10DA77E000E9C588</string>
                <key>isa</key>
                <string>PBXBuildFile</string>
            </dict>
            <key>BB24DD9010DA77E000E9C588</key>
            <dict>
                <key>fileRef</key>
                <string>BB24DD8D10DA77E000E9C588</string>
                <key>isa</key>
                <string>PBXBuildFile</string>
            </dict>
            <key>BB24DDC910DA781C00E9C588</key>
            <dict>
                <key>fileEncoding</key>
                <string>4</string>
                <key>isa</key>
                <string>PBXFileReference</string>
                <key>lastKnownFileType</key>
                <string>text.plist.xml</string>
                <key>path</key>
                <string>ofxiphone-Info.plist</string>
                <key>sourceTree</key>
                <string>&lt;group&gt;</string>
            </dict>
            <key>BB24DDCA10DA781C00E9C588</key>
            <dict>
                <key>fileRef</key>
                <string>BB24DDC910DA781C00E9C588</string>
                <key>isa</key>
                <string>PBXBuildFile</string>
            </dict>
            <key>BB24E1F710DAA51900E9C588</key>
            <dict>
                <key>children</key>
                <array>
                    <string>E41D40FD13B3A0D800A75A5D</string>
                    <string>32CA4F630368D1EE00C91783</string>
                    <string>BB24DDC910DA781C00E9C588</string>
                    <string>E41D3EE513B3906D00A75A5D</string>
                    <string>E41D3ED613B38FB500A75A5D</string>
                </array>
                <key>isa</key>
                <string>PBXGroup</string>
                <key>name</key>
                <string>openFrameworks</string>
                <key>sourceTree</key>
                <string>&lt;group&gt;</string>
            </dict>
            <key>BBE5E94E0F497BD800F28951</key>
            <dict>
                <key>children</key>
                <array>
                    <string>29B97323FDCFA39411CA2CEA</string>
                </array>
                <key>isa</key>
                <string>PBXGroup</string>
                <key>name</key>
                <string>core</string>
                <key>sourceTree</key>
                <string>&lt;group&gt;</string>
            </dict>
            <key>BBE5EAB70F49AD8400F28951</key>
            <dict>
                <key>isa</key>
                <string>PBXFileReference</string>
                <key>lastKnownFileType</key>
                <string>wrapper.framework</string>
                <key>name</key>
                <string>AudioToolbox.framework</string>
                <key>path</key>
                <string>System/Library/Frameworks/AudioToolbox.framework</string>
                <key>sourceTree</key>
                <string>SDKROOT</string>
            </dict>
            <key>BBE5EAB80F49AD8400F28951</key>
            <dict>
                <key>fileRef</key>
                <string>BBE5EAB70F49AD8400F28951</string>
                <key>isa</key>
                <string>PBXBuildFile</string>
            </dict>
            <key>C01FCF4E08A954540054247B</key>
            <dict>
                <key>buildConfigurations</key>
                <array>
                    <string>C01FCF4F08A954540054247B</string>
                    <string>C01FCF5008A954540054247B</string>
                </array>
                <key>defaultConfigurationIsVisible</key>
                <string>0</string>
                <key>defaultConfigurationName</key>
                <string>Release</string>
                <key>isa</key>
                <string>XCConfigurationList</string>
            </dict>
            <key>C01FCF4F08A954540054247B</key>
            <dict>
                <key>baseConfigurationReference</key>
                <string>E41D3ED613B38FB500A75A5D</string>
                <key>buildSettings</key>
                <dict>
                    <key>ALWAYS_SEARCH_USER_PATHS</key>
                    <string>YES</string>
                    <key>ARCHS</key>
                    <string>$(ARCHS_STANDARD_32_BIT)</string>
                    <key>CODE_SIGN_IDENTITY</key>
                    <string />
                    <key>CODE_SIGN_IDENTITY[sdk=iphoneos*]</key>
                    <string>iPhone Developer</string>
                    <key>COMPRESS_PNG_FILES</key>
                    <string>NO</string>
                    <key>GCC_C_LANGUAGE_STANDARD</key>
                    <string>c99</string>
                    <key>GCC_OPTIMIZATION_LEVEL</key>
                    <string>0</string>
                    <key>GCC_SYMBOLS_PRIVATE_EXTERN</key>
                    <string>NO</string>
                    <key>GCC_WARN_ABOUT_DEPRECATED_FUNCTIONS</key>
                    <string>NO</string>
                    <key>GCC_WARN_ABOUT_INVALID_OFFSETOF_MACRO</key>
                    <string>NO</string>
                    <key>GCC_WARN_ABOUT_POINTER_SIGNEDNESS</key>
                    <string>NO</string>
                    <key>GCC_WARN_ABOUT_RETURN_TYPE</key>
                    <string>YES</string>
                    <key>GCC_WARN_ALLOW_INCOMPLETE_PROTOCOL</key>
                    <string>NO</string>
                    <key>GCC_WARN_PROTOTYPE_CONVERSION</key>
                    <string>NO</string>
                    <key>GCC_WARN_UNUSED_VARIABLE</key>
                    <string>YES</string>
                    <key>IPHONEOS_DEPLOYMENT_TARGET</key>
                    <string>3.1</string>
                    <key>ONLY_ACTIVE_ARCH</key>
                    <string>NO</string>
                    <key>PREBINDING</key>
                    <string>NO</string>
                    <key>PROVISIONING_PROFILE[sdk=iphoneos*]</key>
                    <string />
                    <key>SDKROOT</key>
                    <string>iphoneos</string>
                    <key>TARGETED_DEVICE_FAMILY</key>
                    <string>1</string>
                    <key>WARNING_LDFLAGS</key>
                    <string>-no_arch_warnings</string>
                </dict>
                <key>isa</key>
                <string>XCBuildConfiguration</string>
                <key>name</key>
                <string>Debug</string>
            </dict>
            <key>C01FCF5008A954540054247B</key>
            <dict>
                <key>baseConfigurationReference</key>
                <string>E41D3ED613B38FB500A75A5D</string>
                <key>buildSettings</key>
                <dict>
                    <key>ALWAYS_SEARCH_USER_PATHS</key>
                    <string>YES</string>
                    <key>ARCHS</key>
                    <string>$(ARCHS_STANDARD_32_BIT)</string>
                    <key>CODE_SIGN_IDENTITY</key>
                    <string />
                    <key>CODE_SIGN_IDENTITY[sdk=iphoneos*]</key>
                    <string>iPhone Developer</string>
                    <key>COMPRESS_PNG_FILES</key>
                    <string>NO</string>
                    <key>GCC_C_LANGUAGE_STANDARD</key>
                    <string>c99</string>
                    <key>GCC_DYNAMIC_NO_PIC</key>
                    <string>YES</string>
                    <key>GCC_GENERATE_DEBUGGING_SYMBOLS</key>
                    <string>NO</string>
                    <key>GCC_OPTIMIZATION_LEVEL</key>
                    <string>3</string>
                    <key>GCC_SYMBOLS_PRIVATE_EXTERN</key>
                    <string>NO</string>
                    <key>GCC_THUMB_SUPPORT</key>
                    <string>NO</string>
                    <key>GCC_WARN_ABOUT_RETURN_TYPE</key>
                    <string>YES</string>
                    <key>GCC_WARN_UNUSED_VARIABLE</key>
                    <string>YES</string>
                    <key>IPHONEOS_DEPLOYMENT_TARGET</key>
                    <string>3.1</string>
                    <key>ONLY_ACTIVE_ARCH</key>
                    <string>NO</string>
                    <key>PREBINDING</key>
                    <string>NO</string>
                    <key>SDKROOT</key>
                    <string>iphoneos</string>
                    <key>TARGETED_DEVICE_FAMILY</key>
                    <string>1</string>
                    <key>WARNING_LDFLAGS</key>
                    <string>-no_arch_warnings</string>
                </dict>
                <key>isa</key>
                <string>XCBuildConfiguration</string>
                <key>name</key>
                <string>Release</string>
            </dict>
            <key>E41D3ED613B38FB500A75A5D</key>
            <dict>
                <key>fileEncoding</key>
                <string>4</string>
                <key>isa</key>
                <string>PBXFileReference</string>
                <key>lastKnownFileType</key>
                <string>text.xcconfig</string>
                <key>path</key>
                <string>Project.xcconfig</string>
                <key>sourceTree</key>
                <string>&lt;group&gt;</string>
            </dict>
            <key>E41D3ED713B38FB500A75A5D</key>
            <dict>
                <key>fileRef</key>
                <string>E41D3ED613B38FB500A75A5D</string>
                <key>isa</key>
                <string>PBXBuildFile</string>
            </dict>
            <key>E41D3EE513B3906D00A75A5D</key>
            <dict>
                <key>fileEncoding</key>
                <string>4</string>
                <key>isa</key>
                <string>PBXFileReference</string>
                <key>lastKnownFileType</key>
                <string>text.xcconfig</string>
                <key>name</key>
                <string>CoreOF.xcconfig</string>
                <key>path</key>
                <string>../../../libs/openFrameworksCompiled/project/iphone/CoreOF.xcconfig</string>
                <key>sourceTree</key>
                <string>SOURCE_ROOT</string>
            </dict>
            <key>E41D3EE613B3906D00A75A5D</key>
            <dict>
                <key>fileRef</key>
                <string>E41D3EE513B3906D00A75A5D</string>
                <key>isa</key>
                <string>PBXBuildFile</string>
            </dict>
            <key>E41D400613B39D2100A75A5D</key>
            <dict>
                <key>isa</key>
                <string>PBXFileReference</string>
                <key>lastKnownFileType</key>
                <string>wrapper.framework</string>
                <key>name</key>
                <string>AVFoundation.framework</string>
                <key>path</key>
                <string>System/Library/Frameworks/AVFoundation.framework</string>
                <key>sourceTree</key>
                <string>SDKROOT</string>
            </dict>
            <key>E41D400713B39D2100A75A5D</key>
            <dict>
                <key>isa</key>
                <string>PBXFileReference</string>
                <key>lastKnownFileType</key>
                <string>wrapper.framework</string>
                <key>name</key>
                <string>CoreMedia.framework</string>
                <key>path</key>
                <string>System/Library/Frameworks/CoreMedia.framework</string>
                <key>sourceTree</key>
                <string>SDKROOT</string>
            </dict>
            <key>E41D400813B39D2100A75A5D</key>
            <dict>
                <key>isa</key>
                <string>PBXFileReference</string>
                <key>lastKnownFileType</key>
                <string>wrapper.framework</string>
                <key>name</key>
                <string>CoreVideo.framework</string>
                <key>path</key>
                <string>System/Library/Frameworks/CoreVideo.framework</string>
                <key>sourceTree</key>
                <string>SDKROOT</string>
            </dict>
            <key>E41D400913B39D2100A75A5D</key>
            <dict>
                <key>isa</key>
                <string>PBXFileReference</string>
                <key>lastKnownFileType</key>
                <string>wrapper.framework</string>
                <key>name</key>
                <string>MapKit.framework</string>
                <key>path</key>
                <string>System/Library/Frameworks/MapKit.framework</string>
                <key>sourceTree</key>
                <string>SDKROOT</string>
            </dict>
            <key>E41D400B13B39D2100A75A5D</key>
            <dict>
                <key>fileRef</key>
                <string>E41D400613B39D2100A75A5D</string>
                <key>isa</key>
                <string>PBXBuildFile</string>
            </dict>
            <key>E41D400C13B39D2100A75A5D</key>
            <dict>
                <key>fileRef</key>
                <string>E41D400713B39D2100A75A5D</string>
                <key>isa</key>
                <string>PBXBuildFile</string>
            </dict>
            <key>E41D400D13B39D2100A75A5D</key>
            <dict>
                <key>fileRef</key>
                <string>E41D400813B39D2100A75A5D</string>
                <key>isa</key>
                <string>PBXBuildFile</string>
            </dict>
            <key>E41D400E13B39D2100A75A5D</key>
            <dict>
                <key>fileRef</key>
                <string>E41D400913B39D2100A75A5D</string>
                <key>isa</key>
                <string>PBXBuildFile</string>
            </dict>
            <key>E41D40FD13B3A0D800A75A5D</key>
            <dict>
                <key>isa</key>
                <string>PBXFileReference</string>
                <key>lastKnownFileType</key>
                <string>wrapper.pb-project</string>
                <key>name</key>
                <string>iPhone+OF Lib.xcodeproj</string>
                <key>path</key>
                <string>../../../libs/openFrameworksCompiled/project/iphone/iPhone+OF Lib.xcodeproj</string>
                <key>sourceTree</key>
                <string>SOURCE_ROOT</string>
            </dict>
            <key>E41D40FE13B3A0D800A75A5D</key>
            <dict>
                <key>children</key>
                <array>
                    <string>E41D410213B3A0D800A75A5D</string>
                </array>
                <key>isa</key>
                <string>PBXGroup</string>
                <key>name</key>
                <string>Products</string>
                <key>sourceTree</key>
                <string>&lt;group&gt;</string>
            </dict>
            <key>E41D410113B3A0D800A75A5D</key>
            <dict>
                <key>containerPortal</key>
                <string>E41D40FD13B3A0D800A75A5D</string>
                <key>isa</key>
                <string>PBXContainerItemProxy</string>
                <key>proxyType</key>
                <string>2</string>
                <key>remoteGlobalIDString</key>
                <string>BB24DED610DA7A3F00E9C588</string>
                <key>remoteInfo</key>
                <string>iPhone+OF Static Library</string>
            </dict>
            <key>E41D410213B3A0D800A75A5D</key>
            <dict>
                <key>fileType</key>
                <string>archive.ar</string>
                <key>isa</key>
                <string>PBXReferenceProxy</string>
                <key>path</key>
                <string>libofxiPhone_iphoneos_Release.a</string>
                <key>remoteRef</key>
                <string>E41D410113B3A0D800A75A5D</string>
                <key>sourceTree</key>
                <string>BUILT_PRODUCTS_DIR</string>
            </dict>
            <key>E41D410313B3A11300A75A5D</key>
            <dict>
                <key>containerPortal</key>
                <string>E41D40FD13B3A0D800A75A5D</string>
                <key>isa</key>
                <string>PBXContainerItemProxy</string>
                <key>proxyType</key>
                <string>1</string>
                <key>remoteGlobalIDString</key>
                <string>BB24DE5C10DA7A3F00E9C588</string>
                <key>remoteInfo</key>
                <string>iPhone+OF Static Library</string>
            </dict>
            <key>E41D410413B3A11300A75A5D</key>
            <dict>
                <key>isa</key>
                <string>PBXTargetDependency</string>
                <key>name</key>
                <string>iPhone+OF Static Library</string>
                <key>targetProxy</key>
                <string>E41D410313B3A11300A75A5D</string>
            </dict>
            <key>E41D421413B3A95300A75A5D</key>
            <dict>
                <key>fileRef</key>
                <string>E41D410213B3A0D800A75A5D</string>
                <key>isa</key>
                <string>PBXBuildFile</string>
            </dict>
            <key>E4A823A312561BE3002F86A2</key>
            <dict>
                <key>isa</key>
                <string>PBXFileReference</string>
                <key>lastKnownFileType</key>
                <string>wrapper.framework</string>
                <key>name</key>
                <string>CoreGraphics.framework</string>
                <key>path</key>
                <string>System/Library/Frameworks/CoreGraphics.framework</string>
                <key>sourceTree</key>
                <string>SDKROOT</string>
            </dict>
            <key>E4A823A412561BE3002F86A2</key>
            <dict>
                <key>fileRef</key>
                <string>E4A823A312561BE3002F86A2</string>
                <key>isa</key>
                <string>PBXBuildFile</string>
            </dict>
            <key>E4D8936A11527B74007E1F53</key>
            <dict>
                <key>children</key>
                <array>
                    <string>E4D8936B11527B74007E1F53</string>
                    <string>E4D8936D11527B74007E1F53</string>
                    <string>E4D8936C11527B74007E1F53</string>
                </array>
                <key>isa</key>
                <string>PBXGroup</string>
                <key>path</key>
                <string>src</string>
                <key>sourceTree</key>
                <string>SOURCE_ROOT</string>
            </dict>
            <key>E4D8936B11527B74007E1F53</key>
            <dict>
                <key>fileEncoding</key>
                <string>4</string>
                <key>isa</key>
                <string>PBXFileReference</string>
                <key>lastKnownFileType</key>
                <string>sourcecode.cpp.objcpp</string>
                <key>name</key>
                <string>main.mm</string>
                <key>path</key>
                <string>src/main.mm</string>
                <key>sourceTree</key>
                <string>SOURCE_ROOT</string>
            </dict>
            <key>E4D8936C11527B74007E1F53</key>
            <dict>
                <key>fileEncoding</key>
                <string>4</string>
                <key>isa</key>
                <string>PBXFileReference</string>
                <key>lastKnownFileType</key>
                <string>sourcecode.c.h</string>
                <key>name</key>
                <string>testApp.h</string>
                <key>path</key>
                <string>src/testApp.h</string>
                <key>sourceTree</key>
                <string>SOURCE_ROOT</string>
            </dict>
            <key>E4D8936D11527B74007E1F53</key>
            <dict>
                <key>fileEncoding</key>
                <string>4</string>
                <key>isa</key>
                <string>PBXFileReference</string>
                <key>lastKnownFileType</key>
                <string>sourcecode.cpp.objcpp</string>
                <key>name</key>
                <string>testApp.mm</string>
                <key>path</key>
                <string>src/testApp.mm</string>
                <key>sourceTree</key>
                <string>SOURCE_ROOT</string>
            </dict>
            <key>E4D8936E11527B74007E1F53</key>
            <dict>
                <key>fileRef</key>
                <string>E4D8936B11527B74007E1F53</string>
                <key>isa</key>
                <string>PBXBuildFile</string>
            </dict>
            <key>E4D8936F11527B74007E1F53</key>
            <dict>
                <key>fileRef</key>
                <string>E4D8936D11527B74007E1F53</string>
                <key>isa</key>
                <string>PBXBuildFile</string>
            </dict>
            <key>d25ed262554e8f281794adead3c706ad</key>
            <dict>
                <key>children</key>
                <array>
                    <string>c756caafd542831674e15fe662490682</string>
                </array>
                <key>isa</key>
                <string>PBXGroup</string>
                <key>name</key>
                <string>ofxOpenCv</string>
                <key>sourceTree</key>
                <string>&lt;group&gt;</string>
            </dict>
            <key>c756caafd542831674e15fe662490682</key>
            <dict>
                <key>children</key>
                <array>
                    <string>603f2267d449084a4187a04928d2d713</string>
                    <string>ce9c7160245b19131dae61282ee6cb53</string>
                    <string>d5bb6f0357b6422e1b1656b47b78dcdf</string>
                    <string>8e79cf8911dfabafe23ea45b335d18dd</string>
                    <string>c76de5c29bdbd2caa1dd0021a7376220</string>
                    <string>c1c56d20a1a57dc44096bfe709100d93</string>
                    <string>7b6a03390302d5a2c9f0e4ab630ae8d6</string>
                    <string>f7269f96ac34a2b44a680d0371903a25</string>
                    <string>057122a817d12571f8c0c7a4d522b879</string>
                    <string>9a048549f08c6dffa79e6def6eeedb50</string>
                    <string>c6151136d101f857dae12722e3c42f4a</string>
                    <string>d847ebe484f4f500f9cf25492c7beddc</string>
                    <string>9a16cbf2e8cfe43af54fe6f55efbf8a4</string>
                    <string>516717f84c0146512c47a3ec3f268851</string>
                    <string>3c232045833313b99efe0b14840b6108</string>
                    <string>8a4dd23693dfab8ec05faa5d62c49d8c</string>
                    <string>dea2edc0afd59176fdedc222f646a8af</string>
                    <string>ce81a5e39eb3c871fdf3d4d531ccdf12</string>
                </array>
                <key>isa</key>
                <string>PBXGroup</string>
                <key>name</key>
                <string>src</string>
                <key>sourceTree</key>
                <string>&lt;group&gt;</string>
            </dict>
            <key>603f2267d449084a4187a04928d2d713</key>
            <dict>
                <key>fileEncoding</key>
                <string>4</string>
                <key>isa</key>
                <string>PBXFileReference</string>
                <key>lastKnownFileType</key>
                <string>sourcecode.c.h</string>
                <key>name</key>
                <string>ofxCvBlob.h</string>
                <key>path</key>
                <string>../../../addons/ofxOpenCv/src/ofxCvBlob.h</string>
                <key>sourceTree</key>
                <string>SOURCE_ROOT</string>
            </dict>
            <key>ce9c7160245b19131dae61282ee6cb53</key>
            <dict>
                <key>fileEncoding</key>
                <string>4</string>
                <key>isa</key>
                <string>PBXFileReference</string>
                <key>lastKnownFileType</key>
                <string>sourcecode.cpp.cpp</string>
                <key>name</key>
                <string>ofxCvColorImage.cpp</string>
                <key>path</key>
                <string>../../../addons/ofxOpenCv/src/ofxCvColorImage.cpp</string>
                <key>sourceTree</key>
                <string>SOURCE_ROOT</string>
            </dict>
            <key>259da76c028adaa20996723e102a6ccd</key>
            <dict>
                <key>fileRef</key>
                <string>ce9c7160245b19131dae61282ee6cb53</string>
                <key>isa</key>
                <string>PBXBuildFile</string>
            </dict>
            <key>d5bb6f0357b6422e1b1656b47b78dcdf</key>
            <dict>
                <key>fileEncoding</key>
                <string>4</string>
                <key>isa</key>
                <string>PBXFileReference</string>
                <key>lastKnownFileType</key>
                <string>sourcecode.c.h</string>
                <key>name</key>
                <string>ofxCvColorImage.h</string>
                <key>path</key>
                <string>../../../addons/ofxOpenCv/src/ofxCvColorImage.h</string>
                <key>sourceTree</key>
                <string>SOURCE_ROOT</string>
            </dict>
            <key>8e79cf8911dfabafe23ea45b335d18dd</key>
            <dict>
                <key>fileEncoding</key>
                <string>4</string>
                <key>isa</key>
                <string>PBXFileReference</string>
                <key>lastKnownFileType</key>
                <string>sourcecode.c.h</string>
                <key>name</key>
                <string>ofxCvConstants.h</string>
                <key>path</key>
                <string>../../../addons/ofxOpenCv/src/ofxCvConstants.h</string>
                <key>sourceTree</key>
                <string>SOURCE_ROOT</string>
            </dict>
            <key>c76de5c29bdbd2caa1dd0021a7376220</key>
            <dict>
                <key>fileEncoding</key>
                <string>4</string>
                <key>isa</key>
                <string>PBXFileReference</string>
                <key>lastKnownFileType</key>
                <string>sourcecode.cpp.cpp</string>
                <key>name</key>
                <string>ofxCvContourFinder.cpp</string>
                <key>path</key>
                <string>../../../addons/ofxOpenCv/src/ofxCvContourFinder.cpp</string>
                <key>sourceTree</key>
                <string>SOURCE_ROOT</string>
            </dict>
            <key>d88d764a83ef6141a37bfd8a797dc59d</key>
            <dict>
                <key>fileRef</key>
                <string>c76de5c29bdbd2caa1dd0021a7376220</string>
                <key>isa</key>
                <string>PBXBuildFile</string>
            </dict>
            <key>c1c56d20a1a57dc44096bfe709100d93</key>
            <dict>
                <key>fileEncoding</key>
                <string>4</string>
                <key>isa</key>
                <string>PBXFileReference</string>
                <key>lastKnownFileType</key>
                <string>sourcecode.c.h</string>
                <key>name</key>
                <string>ofxCvContourFinder.h</string>
                <key>path</key>
                <string>../../../addons/ofxOpenCv/src/ofxCvContourFinder.h</string>
                <key>sourceTree</key>
                <string>SOURCE_ROOT</string>
            </dict>
            <key>7b6a03390302d5a2c9f0e4ab630ae8d6</key>
            <dict>
                <key>fileEncoding</key>
                <string>4</string>
                <key>isa</key>
                <string>PBXFileReference</string>
                <key>lastKnownFileType</key>
                <string>sourcecode.cpp.cpp</string>
                <key>name</key>
                <string>ofxCvFloatImage.cpp</string>
                <key>path</key>
                <string>../../../addons/ofxOpenCv/src/ofxCvFloatImage.cpp</string>
                <key>sourceTree</key>
                <string>SOURCE_ROOT</string>
            </dict>
            <key>ac59cecc06d479990bb40dc4b6e8d708</key>
            <dict>
                <key>fileRef</key>
                <string>7b6a03390302d5a2c9f0e4ab630ae8d6</string>
                <key>isa</key>
                <string>PBXBuildFile</string>
            </dict>
            <key>f7269f96ac34a2b44a680d0371903a25</key>
            <dict>
                <key>fileEncoding</key>
                <string>4</string>
                <key>isa</key>
                <string>PBXFileReference</string>
                <key>lastKnownFileType</key>
                <string>sourcecode.c.h</string>
                <key>name</key>
                <string>ofxCvFloatImage.h</string>
                <key>path</key>
                <string>../../../addons/ofxOpenCv/src/ofxCvFloatImage.h</string>
                <key>sourceTree</key>
                <string>SOURCE_ROOT</string>
            </dict>
            <key>057122a817d12571f8c0c7a4d522b879</key>
            <dict>
                <key>fileEncoding</key>
                <string>4</string>
                <key>isa</key>
                <string>PBXFileReference</string>
                <key>lastKnownFileType</key>
                <string>sourcecode.cpp.cpp</string>
                <key>name</key>
                <string>ofxCvGrayscaleImage.cpp</string>
                <key>path</key>
                <string>../../../addons/ofxOpenCv/src/ofxCvGrayscaleImage.cpp</string>
                <key>sourceTree</key>
                <string>SOURCE_ROOT</string>
            </dict>
            <key>134078e8f8f4f24368b31f26166fec03</key>
            <dict>
                <key>fileRef</key>
                <string>057122a817d12571f8c0c7a4d522b879</string>
                <key>isa</key>
                <string>PBXBuildFile</string>
            </dict>
            <key>9a048549f08c6dffa79e6def6eeedb50</key>
            <dict>
                <key>fileEncoding</key>
                <string>4</string>
                <key>isa</key>
                <string>PBXFileReference</string>
                <key>lastKnownFileType</key>
                <string>sourcecode.c.h</string>
                <key>name</key>
                <string>ofxCvGrayscaleImage.h</string>
                <key>path</key>
                <string>../../../addons/ofxOpenCv/src/ofxCvGrayscaleImage.h</string>
                <key>sourceTree</key>
                <string>SOURCE_ROOT</string>
            </dict>
            <key>c6151136d101f857dae12722e3c42f4a</key>
            <dict>
                <key>fileEncoding</key>
                <string>4</string>
                <key>isa</key>
                <string>PBXFileReference</string>
                <key>lastKnownFileType</key>
                <string>sourcecode.cpp.cpp</string>
                <key>name</key>
                <string>ofxCvImage.cpp</string>
                <key>path</key>
                <string>../../../addons/ofxOpenCv/src/ofxCvImage.cpp</string>
                <key>sourceTree</key>
                <string>SOURCE_ROOT</string>
            </dict>
            <key>dbf87635ae30aae223f0609e6ee16e2f</key>
            <dict>
                <key>fileRef</key>
                <string>c6151136d101f857dae12722e3c42f4a</string>
                <key>isa</key>
                <string>PBXBuildFile</string>
            </dict>
            <key>d847ebe484f4f500f9cf25492c7beddc</key>
            <dict>
                <key>fileEncoding</key>
                <string>4</string>
                <key>isa</key>
                <string>PBXFileReference</string>
                <key>lastKnownFileType</key>
                <string>sourcecode.c.h</string>
                <key>name</key>
                <string>ofxCvImage.h</string>
                <key>path</key>
                <string>../../../addons/ofxOpenCv/src/ofxCvImage.h</string>
                <key>sourceTree</key>
                <string>SOURCE_ROOT</string>
            </dict>
            <key>9a16cbf2e8cfe43af54fe6f55efbf8a4</key>
            <dict>
                <key>fileEncoding</key>
                <string>4</string>
                <key>isa</key>
                <string>PBXFileReference</string>
                <key>lastKnownFileType</key>
                <string>sourcecode.cpp.cpp</string>
                <key>name</key>
                <string>ofxCvHaarFinder.cpp</string>
                <key>path</key>
                <string>../../../addons/ofxOpenCv/src/ofxCvHaarFinder.cpp</string>
                <key>sourceTree</key>
                <string>SOURCE_ROOT</string>
            </dict>
            <key>7829c785a0dd56718cb46bcc3b066ff1</key>
            <dict>
                <key>fileRef</key>
                <string>9a16cbf2e8cfe43af54fe6f55efbf8a4</string>
                <key>isa</key>
                <string>PBXBuildFile</string>
            </dict>
            <key>516717f84c0146512c47a3ec3f268851</key>
            <dict>
                <key>fileEncoding</key>
                <string>4</string>
                <key>isa</key>
                <string>PBXFileReference</string>
                <key>lastKnownFileType</key>
                <string>sourcecode.c.h</string>
                <key>name</key>
                <string>ofxCvHaarFinder.h</string>
                <key>path</key>
                <string>../../../addons/ofxOpenCv/src/ofxCvHaarFinder.h</string>
                <key>sourceTree</key>
                <string>SOURCE_ROOT</string>
            </dict>
            <key>3c232045833313b99efe0b14840b6108</key>
            <dict>
                <key>fileEncoding</key>
                <string>4</string>
                <key>isa</key>
                <string>PBXFileReference</string>
                <key>lastKnownFileType</key>
                <string>sourcecode.c.h</string>
                <key>name</key>
                <string>ofxCvMain.h</string>
                <key>path</key>
                <string>../../../addons/ofxOpenCv/src/ofxCvMain.h</string>
                <key>sourceTree</key>
                <string>SOURCE_ROOT</string>
            </dict>
            <key>8a4dd23693dfab8ec05faa5d62c49d8c</key>
            <dict>
                <key>fileEncoding</key>
                <string>4</string>
                <key>isa</key>
                <string>PBXFileReference</string>
                <key>lastKnownFileType</key>
                <string>sourcecode.cpp.cpp</string>
                <key>name</key>
                <string>ofxCvShortImage.cpp</string>
                <key>path</key>
                <string>../../../addons/ofxOpenCv/src/ofxCvShortImage.cpp</string>
                <key>sourceTree</key>
                <string>SOURCE_ROOT</string>
            </dict>
            <key>0b2e55fee13134ce9b57d3bffd6d5dab</key>
            <dict>
                <key>fileRef</key>
                <string>8a4dd23693dfab8ec05faa5d62c49d8c</string>
                <key>isa</key>
                <string>PBXBuildFile</string>
            </dict>
            <key>dea2edc0afd59176fdedc222f646a8af</key>
            <dict>
                <key>fileEncoding</key>
                <string>4</string>
                <key>isa</key>
                <string>PBXFileReference</string>
                <key>lastKnownFileType</key>
                <string>sourcecode.c.h</string>
                <key>name</key>
                <string>ofxCvShortImage.h</string>
                <key>path</key>
                <string>../../../addons/ofxOpenCv/src/ofxCvShortImage.h</string>
                <key>sourceTree</key>
                <string>SOURCE_ROOT</string>
            </dict>
            <key>ce81a5e39eb3c871fdf3d4d531ccdf12</key>
            <dict>
                <key>fileEncoding</key>
                <string>4</string>
                <key>isa</key>
                <string>PBXFileReference</string>
                <key>lastKnownFileType</key>
                <string>sourcecode.c.h</string>
                <key>name</key>
                <string>ofxOpenCv.h</string>
                <key>path</key>
                <string>../../../addons/ofxOpenCv/src/ofxOpenCv.h</string>
                <key>sourceTree</key>
                <string>SOURCE_ROOT</string>
            </dict>
            <key>125d44313844639e58c9ac6d27895292</key>
            <dict>
                <key>fileEncoding</key>
                <string>4</string>
                <key>isa</key>
                <string>PBXFileReference</string>
                <key>lastKnownFileType</key>
                <string>file</string>
                <key>name</key>
                <string>haarcascade_frontalface_default.xml</string>
                <key>path</key>
                <string>bin/data/haarcascade_frontalface_default.xml</string>
                <key>sourceTree</key>
                <string>SOURCE_ROOT</string>
            </dict>
            <key>fa02e41cc3c31623a3c25c41e43a9438</key>
            <dict>
                <key>fileRef</key>
                <string>125d44313844639e58c9ac6d27895292</string>
                <key>isa</key>
                <string>PBXBuildFile</string>
            </dict>
            <key>da34fac9644149274d34d3e266187f65</key>
            <dict>
                <key>fileRef</key>
                <string>125d44313844639e58c9ac6d27895292</string>
                <key>isa</key>
                <string>PBXBuildFile</string>
            </dict>
            <key>8f0a026e25cc6ddd05207f3e327099b3</key>
            <dict>
                <key>fileEncoding</key>
                <string>4</string>
                <key>isa</key>
                <string>PBXFileReference</string>
                <key>lastKnownFileType</key>
                <string>file</string>
                <key>name</key>
                <string>test.jpg</string>
                <key>path</key>
                <string>bin/data/test.jpg</string>
                <key>sourceTree</key>
                <string>SOURCE_ROOT</string>
            </dict>
            <key>f9c1c76ad38a71d0480b9312b894b59b</key>
            <dict>
                <key>fileRef</key>
                <string>8f0a026e25cc6ddd05207f3e327099b3</string>
                <key>isa</key>
                <string>PBXBuildFile</string>
            </dict>
            <key>b6ff9ce54be678382a1e65aef7a787ce</key>
            <dict>
                <key>fileRef</key>
                <string>8f0a026e25cc6ddd05207f3e327099b3</string>
                <key>isa</key>
                <string>PBXBuildFile</string>
            </dict>
        </dict>
        <key>rootObject</key>
        <string>29B97313FDCFA39411CA2CEA</string>
    </dict>
</plist>
