<?xml version="1.0" encoding="UTF-8" ?>
<!DOCTYPE plist PUBLIC "-//Apple//DTD PLIST 1.0//EN" "http://www.apple.com/DTDs/PropertyList-1.0.dtd">
<plist version="1.0">
    <dict>
        <key>archiveVersion</key>
        <string>1</string>
        <key>classes</key>
        <dict />
        <key>objectVersion</key>
        <string>45</string>
        <key>objects</key>
        <dict>
            <key>19C28FACFE9D520D11CA2CBB</key>
            <dict>
                <key>children</key>
                <array>
                    <string>1D6058910D05DD3D006BFB54</string>
                </array>
                <key>isa</key>
                <string>PBXGroup</string>
                <key>name</key>
                <string>Products</string>
                <key>sourceTree</key>
                <string>&lt;group&gt;</string>
            </dict>
            <key>1D30AB110D05D00D00671497</key>
            <dict>
                <key>isa</key>
                <string>PBXFileReference</string>
                <key>lastKnownFileType</key>
                <string>wrapper.framework</string>
                <key>name</key>
                <string>Foundation.framework</string>
                <key>path</key>
                <string>System/Library/Frameworks/Foundation.framework</string>
                <key>sourceTree</key>
                <string>SDKROOT</string>
            </dict>
            <key>1D60588D0D05DD3D006BFB54</key>
            <dict>
                <key>buildActionMask</key>
                <string>2147483647</string>
                <key>files</key>
                <array>
                    <string>BB24DD8F10DA77E000E9C588</string>
                    <string>BB24DD9010DA77E000E9C588</string>
                    <string>BB24DDCA10DA781C00E9C588</string>
                    <string>E41D3ED713B38FB500A75A5D</string>
                    <string>E41D3EE613B3906D00A75A5D</string>
                    <string>7bbed7d36ca53f4e14912bf55e579cd7</string>
                    <string>dcceb767a760ade46082ef3434288bd6</string>
                    <string>badde664c79f322d2165be87a1c69630</string>
                    <string>02f5d0ae7d10869e4e2ba5c8ad02339b</string>
                    <string>41e7399ccb139bc426a1cb27225fcd88</string>
                    <string>cecee3f826475d08eb94fae360653b60</string>
                    <string>f8474ed770c2c0d4f987dc0cf9b252df</string>
                    <string>383a38a743d5b1b25de92e32d769aea2</string>
                    <string>643be005b7f6ae368e5a6973f939950a</string>
                    <string>77fe68e9b0d912f622a9252d24e771a1</string>
                    <string>9036c854f193358044542b2ddae9cadf</string>
                    <string>252b1505359d2ee0bebe467d59d9c314</string>
                    <string>030025a2a3a10b21a8d05df25d05fd37</string>
                    <string>8442c0869991635aec7765ec930c850f</string>
                    <string>6e0f93bddced040820f48acc4d7cde4c</string>
                    <string>652655264c284addda7a0765d7946f56</string>
                    <string>2bd23c9d99baf9b2e5777eeda39d1f74</string>
                    <string>4f7122e9356f6ebc789e040514319bd4</string>
                    <string>b419c11020e5ea8ce9f06cda8c691117</string>
                    <string>f1f09d96f4de5c4a72a47d19c08c7c5e</string>
                    <string>e2e8b9815d7856ba679ddad2c515bec0</string>
                    <string>ffc27e1b4e3a097485252df9d9a1b468</string>
                </array>
                <key>isa</key>
                <string>PBXResourcesBuildPhase</string>
                <key>runOnlyForDeploymentPostprocessing</key>
                <string>0</string>
            </dict>
            <key>1D60588E0D05DD3D006BFB54</key>
            <dict>
                <key>buildActionMask</key>
                <string>2147483647</string>
                <key>files</key>
                <array>
                    <string>E4D8936E11527B74007E1F53</string>
                    <string>E4D8936F11527B74007E1F53</string>
                    <string>037c0299c9901e1fff8b41f43ba81469</string>
                    <string>ed74b2fdd12976d2092fd74b6ed34840</string>
                    <string>ad17f2284288e18a8db66ec04970e86d</string>
                    <string>8fe551ea2101e41afa21bc505a45ab7d</string>
                    <string>9b570f75f7ed050232e86a6d0bd8e987</string>
                    <string>b12ead00fb638ff6aba115d538b39e57</string>
                    <string>e3c562f346baad6d0d3f0e56a65969a1</string>
                    <string>e5fad85765f59993852f4e0d5d670c53</string>
                    <string>76dcc0e2240f4fbc22e382c58ae70699</string>
                    <string>5e41afe1d9d32a88f5b8e24c52332c2f</string>
                    <string>77ba41654ade3065723841d244dd9430</string>
                    <string>43e4adadd503300ff65c0a8d6271a493</string>
                    <string>9fb3f702653d94c759cfa225112f5118</string>
                    <string>f3a589c2b9caf19f55cf31cae375e9a6</string>
                    <string>4d5c7e297b8e61ae7a605deb5ce6d0ee</string>
                    <string>cddc58d927675d3f913e7c152b65806b</string>
                    <string>e8d3497663fb96f17b99ff1b20eca1f4</string>
                    <string>a4bbdc9ac906048018caa27a621b46b0</string>
                    <string>af361b6bed0248ef621aeb03cbdc3593</string>
                    <string>99c3212d1c7f704f3044c18b30ea38d6</string>
                    <string>90fd8b382a3b362a1c6bc857a512793c</string>
                    <string>152144391dc09d9ea67278a1b3d8fb4a</string>
                </array>
                <key>isa</key>
                <string>PBXSourcesBuildPhase</string>
                <key>runOnlyForDeploymentPostprocessing</key>
                <string>0</string>
            </dict>
            <key>1D60588F0D05DD3D006BFB54</key>
            <dict>
                <key>buildActionMask</key>
                <string>2147483647</string>
                <key>files</key>
                <array>
                    <string>E41D421413B3A95300A75A5D</string>
                    <string>1D60589F0D05DD5A006BFB54</string>
                    <string>1DF5F4E00D08C38300B7A737</string>
                    <string>288765FD0DF74451002DB57D</string>
                    <string>BB16EBD20F2B2A9500518274</string>
                    <string>BB16EBD90F2B2AB500518274</string>
                    <string>BBE5EAB80F49AD8400F28951</string>
                    <string>53F323EB10A20EDB00E0DAE4</string>
                    <string>5326AEA810A23A0500278DE6</string>
                    <string>E4A823A412561BE3002F86A2</string>
                    <string>E41D400B13B39D2100A75A5D</string>
                    <string>E41D400C13B39D2100A75A5D</string>
                    <string>E41D400D13B39D2100A75A5D</string>
                    <string>E41D400E13B39D2100A75A5D</string>
                </array>
                <key>isa</key>
                <string>PBXFrameworksBuildPhase</string>
                <key>runOnlyForDeploymentPostprocessing</key>
                <string>0</string>
            </dict>
            <key>1D6058900D05DD3D006BFB54</key>
            <dict>
                <key>buildConfigurationList</key>
                <string>1D6058960D05DD3E006BFB54</string>
                <key>buildPhases</key>
                <array>
                    <string>1D60588D0D05DD3D006BFB54</string>
                    <string>1D60588E0D05DD3D006BFB54</string>
                    <string>1D60588F0D05DD3D006BFB54</string>
                    <string>9255DD331112741900D6945E</string>
                </array>
                <key>buildRules</key>
                <array />
                <key>dependencies</key>
                <array>
                    <string>E41D410413B3A11300A75A5D</string>
                </array>
                <key>isa</key>
                <string>PBXNativeTarget</string>
                <key>name</key>
                <string>dirListExample</string>
                <key>productName</key>
                <string>iPhone</string>
                <key>productReference</key>
                <string>1D6058910D05DD3D006BFB54</string>
                <key>productType</key>
                <string>com.apple.product-type.application</string>
            </dict>
            <key>1D6058910D05DD3D006BFB54</key>
            <dict>
                <key>explicitFileType</key>
                <string>wrapper.application</string>
                <key>includeInIndex</key>
                <string>0</string>
                <key>isa</key>
                <string>PBXFileReference</string>
                <key>path</key>
                <string>dirListExample.app</string>
                <key>sourceTree</key>
                <string>BUILT_PRODUCTS_DIR</string>
            </dict>
            <key>1D6058940D05DD3E006BFB54</key>
            <dict>
                <key>buildSettings</key>
                <dict>
                    <key>ALWAYS_SEARCH_USER_PATHS</key>
                    <string>NO</string>
                    <key>GCC_PRECOMPILE_PREFIX_HEADER</key>
                    <string>YES</string>
                    <key>GCC_PREFIX_HEADER</key>
                    <string>iPhone_Prefix.pch</string>
                    <key>INFOPLIST_FILE</key>
                    <string>ofxiphone-Info.plist</string>
                    <key>PRODUCT_NAME</key>
                    <string>${TARGET_NAME}</string>
                </dict>
                <key>isa</key>
                <string>XCBuildConfiguration</string>
                <key>name</key>
                <string>Debug</string>
            </dict>
            <key>1D6058950D05DD3E006BFB54</key>
            <dict>
                <key>buildSettings</key>
                <dict>
                    <key>GCC_PRECOMPILE_PREFIX_HEADER</key>
                    <string>YES</string>
                    <key>GCC_PREFIX_HEADER</key>
                    <string>iPhone_Prefix.pch</string>
                    <key>INFOPLIST_FILE</key>
                    <string>ofxiphone-Info.plist</string>
                    <key>PRODUCT_NAME</key>
                    <string>${TARGET_NAME}</string>
                </dict>
                <key>isa</key>
                <string>XCBuildConfiguration</string>
                <key>name</key>
                <string>Release</string>
            </dict>
            <key>1D6058960D05DD3E006BFB54</key>
            <dict>
                <key>buildConfigurations</key>
                <array>
                    <string>1D6058940D05DD3E006BFB54</string>
                    <string>1D6058950D05DD3E006BFB54</string>
                </array>
                <key>defaultConfigurationIsVisible</key>
                <string>0</string>
                <key>defaultConfigurationName</key>
                <string>Release</string>
                <key>isa</key>
                <string>XCConfigurationList</string>
            </dict>
            <key>1D60589F0D05DD5A006BFB54</key>
            <dict>
                <key>fileRef</key>
                <string>1D30AB110D05D00D00671497</string>
                <key>isa</key>
                <string>PBXBuildFile</string>
            </dict>
            <key>1DF5F4DF0D08C38300B7A737</key>
            <dict>
                <key>isa</key>
                <string>PBXFileReference</string>
                <key>lastKnownFileType</key>
                <string>wrapper.framework</string>
                <key>name</key>
                <string>UIKit.framework</string>
                <key>path</key>
                <string>System/Library/Frameworks/UIKit.framework</string>
                <key>sourceTree</key>
                <string>SDKROOT</string>
            </dict>
            <key>1DF5F4E00D08C38300B7A737</key>
            <dict>
                <key>fileRef</key>
                <string>1DF5F4DF0D08C38300B7A737</string>
                <key>isa</key>
                <string>PBXBuildFile</string>
            </dict>
            <key>288765FC0DF74451002DB57D</key>
            <dict>
                <key>isa</key>
                <string>PBXFileReference</string>
                <key>lastKnownFileType</key>
                <string>wrapper.framework</string>
                <key>name</key>
                <string>CoreGraphics.framework</string>
                <key>path</key>
                <string>System/Library/Frameworks/CoreGraphics.framework</string>
                <key>sourceTree</key>
                <string>SDKROOT</string>
            </dict>
            <key>288765FD0DF74451002DB57D</key>
            <dict>
                <key>fileRef</key>
                <string>288765FC0DF74451002DB57D</string>
                <key>isa</key>
                <string>PBXBuildFile</string>
            </dict>
            <key>29B97313FDCFA39411CA2CEA</key>
            <dict>
                <key>buildConfigurationList</key>
                <string>C01FCF4E08A954540054247B</string>
                <key>compatibilityVersion</key>
                <string>Xcode 3.1</string>
                <key>developmentRegion</key>
                <string>English</string>
                <key>hasScannedForEncodings</key>
                <string>1</string>
                <key>isa</key>
                <string>PBXProject</string>
                <key>knownRegions</key>
                <array>
                    <string>English</string>
                    <string>Japanese</string>
                    <string>French</string>
                    <string>German</string>
                </array>
                <key>mainGroup</key>
                <string>29B97314FDCFA39411CA2CEA</string>
                <key>projectDirPath</key>
                <string />
                <key>projectReferences</key>
                <array>
                    <dict>
                        <key>ProductGroup</key>
                        <string>E41D40FE13B3A0D800A75A5D</string>
                        <key>ProjectRef</key>
                        <string>E41D40FD13B3A0D800A75A5D</string>
                    </dict>
                </array>
                <key>projectRoot</key>
                <string />
                <key>targets</key>
                <array>
                    <string>1D6058900D05DD3D006BFB54</string>
                </array>
            </dict>
            <key>29B97314FDCFA39411CA2CEA</key>
            <dict>
                <key>children</key>
                <array>
                    <string>E4D8936A11527B74007E1F53</string>
                    <string>BB24DD8B10DA77E000E9C588</string>
                    <string>BB24E1F710DAA51900E9C588</string>
                    <string>BB16F26B0F2B646B00518274</string>
                    <string>BB16E9930F2B1E5900518274</string>
                    <string>19C28FACFE9D520D11CA2CBB</string>
                </array>
                <key>isa</key>
                <string>PBXGroup</string>
                <key>name</key>
                <string>CustomTemplate</string>
                <key>sourceTree</key>
                <string>&lt;group&gt;</string>
            </dict>
            <key>29B97323FDCFA39411CA2CEA</key>
            <dict>
                <key>children</key>
                <array>
                    <string>E41D400613B39D2100A75A5D</string>
                    <string>E41D400713B39D2100A75A5D</string>
                    <string>E41D400813B39D2100A75A5D</string>
                    <string>E41D400913B39D2100A75A5D</string>
                    <string>53F323EA10A20EDB00E0DAE4</string>
                    <string>E4A823A312561BE3002F86A2</string>
                    <string>BBE5EAB70F49AD8400F28951</string>
                    <string>BB16EBD80F2B2AB500518274</string>
                    <string>BB16EBD10F2B2A9500518274</string>
                    <string>1DF5F4DF0D08C38300B7A737</string>
                    <string>1D30AB110D05D00D00671497</string>
                    <string>288765FC0DF74451002DB57D</string>
                    <string>5326AEA710A23A0500278DE6</string>
                </array>
                <key>isa</key>
                <string>PBXGroup</string>
                <key>name</key>
                <string>core frameworks</string>
                <key>sourceTree</key>
                <string>&lt;group&gt;</string>
            </dict>
            <key>32CA4F630368D1EE00C91783</key>
            <dict>
                <key>fileEncoding</key>
                <string>4</string>
                <key>isa</key>
                <string>PBXFileReference</string>
                <key>lastKnownFileType</key>
                <string>sourcecode.c.h</string>
                <key>path</key>
                <string>iPhone_Prefix.pch</string>
                <key>sourceTree</key>
                <string>&lt;group&gt;</string>
            </dict>
            <key>5326AEA710A23A0500278DE6</key>
            <dict>
                <key>isa</key>
                <string>PBXFileReference</string>
                <key>lastKnownFileType</key>
                <string>wrapper.framework</string>
                <key>name</key>
                <string>CoreLocation.framework</string>
                <key>path</key>
                <string>System/Library/Frameworks/CoreLocation.framework</string>
                <key>sourceTree</key>
                <string>SDKROOT</string>
            </dict>
            <key>5326AEA810A23A0500278DE6</key>
            <dict>
                <key>fileRef</key>
                <string>5326AEA710A23A0500278DE6</string>
                <key>isa</key>
                <string>PBXBuildFile</string>
            </dict>
            <key>53F323EA10A20EDB00E0DAE4</key>
            <dict>
                <key>isa</key>
                <string>PBXFileReference</string>
                <key>lastKnownFileType</key>
                <string>wrapper.framework</string>
                <key>name</key>
                <string>OpenAL.framework</string>
                <key>path</key>
                <string>System/Library/Frameworks/OpenAL.framework</string>
                <key>sourceTree</key>
                <string>SDKROOT</string>
            </dict>
            <key>53F323EB10A20EDB00E0DAE4</key>
            <dict>
                <key>fileRef</key>
                <string>53F323EA10A20EDB00E0DAE4</string>
                <key>isa</key>
                <string>PBXBuildFile</string>
            </dict>
            <key>9255DD331112741900D6945E</key>
            <dict>
                <key>buildActionMask</key>
                <string>2147483647</string>
                <key>files</key>
                <array />
                <key>inputPaths</key>
                <array />
                <key>isa</key>
                <string>PBXShellScriptBuildPhase</string>
                <key>outputPaths</key>
                <array />
                <key>runOnlyForDeploymentPostprocessing</key>
                <string>0</string>
                <key>shellPath</key>
                <string>/bin/sh</string>
                <key>shellScript</key>
                <string>cp -rf bin/data/ &quot;$TARGET_BUILD_DIR/$PRODUCT_NAME.app&quot;</string>
            </dict>
            <key>BB16E9930F2B1E5900518274</key>
            <dict>
                <key>children</key>
                <array>
                    <string>BBE5E94E0F497BD800F28951</string>
                </array>
                <key>isa</key>
                <string>PBXGroup</string>
                <key>name</key>
                <string>libs</string>
                <key>sourceTree</key>
                <string>&lt;group&gt;</string>
            </dict>
            <key>BB16EBD10F2B2A9500518274</key>
            <dict>
                <key>isa</key>
                <string>PBXFileReference</string>
                <key>lastKnownFileType</key>
                <string>wrapper.framework</string>
                <key>name</key>
                <string>OpenGLES.framework</string>
                <key>path</key>
                <string>System/Library/Frameworks/OpenGLES.framework</string>
                <key>sourceTree</key>
                <string>SDKROOT</string>
            </dict>
            <key>BB16EBD20F2B2A9500518274</key>
            <dict>
                <key>fileRef</key>
                <string>BB16EBD10F2B2A9500518274</string>
                <key>isa</key>
                <string>PBXBuildFile</string>
            </dict>
            <key>BB16EBD80F2B2AB500518274</key>
            <dict>
                <key>isa</key>
                <string>PBXFileReference</string>
                <key>lastKnownFileType</key>
                <string>wrapper.framework</string>
                <key>name</key>
                <string>QuartzCore.framework</string>
                <key>path</key>
                <string>System/Library/Frameworks/QuartzCore.framework</string>
                <key>sourceTree</key>
                <string>SDKROOT</string>
            </dict>
            <key>BB16EBD90F2B2AB500518274</key>
            <dict>
                <key>fileRef</key>
                <string>BB16EBD80F2B2AB500518274</string>
                <key>isa</key>
                <string>PBXBuildFile</string>
            </dict>
            <key>BB16F26B0F2B646B00518274</key>
            <dict>
                <key>children</key>
                <array />
                <key>isa</key>
                <string>PBXGroup</string>
                <key>name</key>
                <string>addons</string>
                <key>sourceTree</key>
                <string>&lt;group&gt;</string>
            </dict>
            <key>BB24DD8B10DA77E000E9C588</key>
            <dict>
                <key>children</key>
                <array>
                    <string>BB24DD8C10DA77E000E9C588</string>
                    <string>BB24DD8D10DA77E000E9C588</string>
                    <string>f24585da6e5c4eab810cc6a155493bbb</string>
                </array>
                <key>isa</key>
                <string>PBXGroup</string>
                <key>name</key>
                <string>data</string>
                <key>path</key>
                <string>bin/data</string>
                <key>sourceTree</key>
                <string>&lt;group&gt;</string>
            </dict>
            <key>BB24DD8C10DA77E000E9C588</key>
            <dict>
                <key>isa</key>
                <string>PBXFileReference</string>
                <key>lastKnownFileType</key>
                <string>image.png</string>
                <key>path</key>
                <string>Default.png</string>
                <key>sourceTree</key>
                <string>&lt;group&gt;</string>
            </dict>
            <key>BB24DD8D10DA77E000E9C588</key>
            <dict>
                <key>isa</key>
                <string>PBXFileReference</string>
                <key>lastKnownFileType</key>
                <string>image.png</string>
                <key>path</key>
                <string>Icon.png</string>
                <key>sourceTree</key>
                <string>&lt;group&gt;</string>
            </dict>
            <key>BB24DD8F10DA77E000E9C588</key>
            <dict>
                <key>fileRef</key>
                <string>BB24DD8C10DA77E000E9C588</string>
                <key>isa</key>
                <string>PBXBuildFile</string>
            </dict>
            <key>BB24DD9010DA77E000E9C588</key>
            <dict>
                <key>fileRef</key>
                <string>BB24DD8D10DA77E000E9C588</string>
                <key>isa</key>
                <string>PBXBuildFile</string>
            </dict>
            <key>BB24DDC910DA781C00E9C588</key>
            <dict>
                <key>fileEncoding</key>
                <string>4</string>
                <key>isa</key>
                <string>PBXFileReference</string>
                <key>lastKnownFileType</key>
                <string>text.plist.xml</string>
                <key>path</key>
                <string>ofxiphone-Info.plist</string>
                <key>sourceTree</key>
                <string>&lt;group&gt;</string>
            </dict>
            <key>BB24DDCA10DA781C00E9C588</key>
            <dict>
                <key>fileRef</key>
                <string>BB24DDC910DA781C00E9C588</string>
                <key>isa</key>
                <string>PBXBuildFile</string>
            </dict>
            <key>BB24E1F710DAA51900E9C588</key>
            <dict>
                <key>children</key>
                <array>
                    <string>E41D40FD13B3A0D800A75A5D</string>
                    <string>32CA4F630368D1EE00C91783</string>
                    <string>BB24DDC910DA781C00E9C588</string>
                    <string>E41D3EE513B3906D00A75A5D</string>
                    <string>E41D3ED613B38FB500A75A5D</string>
                </array>
                <key>isa</key>
                <string>PBXGroup</string>
                <key>name</key>
                <string>openFrameworks</string>
                <key>sourceTree</key>
                <string>&lt;group&gt;</string>
            </dict>
            <key>BBE5E94E0F497BD800F28951</key>
            <dict>
                <key>children</key>
                <array>
                    <string>29B97323FDCFA39411CA2CEA</string>
                </array>
                <key>isa</key>
                <string>PBXGroup</string>
                <key>name</key>
                <string>core</string>
                <key>sourceTree</key>
                <string>&lt;group&gt;</string>
            </dict>
            <key>BBE5EAB70F49AD8400F28951</key>
            <dict>
                <key>isa</key>
                <string>PBXFileReference</string>
                <key>lastKnownFileType</key>
                <string>wrapper.framework</string>
                <key>name</key>
                <string>AudioToolbox.framework</string>
                <key>path</key>
                <string>System/Library/Frameworks/AudioToolbox.framework</string>
                <key>sourceTree</key>
                <string>SDKROOT</string>
            </dict>
            <key>BBE5EAB80F49AD8400F28951</key>
            <dict>
                <key>fileRef</key>
                <string>BBE5EAB70F49AD8400F28951</string>
                <key>isa</key>
                <string>PBXBuildFile</string>
            </dict>
            <key>C01FCF4E08A954540054247B</key>
            <dict>
                <key>buildConfigurations</key>
                <array>
                    <string>C01FCF4F08A954540054247B</string>
                    <string>C01FCF5008A954540054247B</string>
                </array>
                <key>defaultConfigurationIsVisible</key>
                <string>0</string>
                <key>defaultConfigurationName</key>
                <string>Release</string>
                <key>isa</key>
                <string>XCConfigurationList</string>
            </dict>
            <key>C01FCF4F08A954540054247B</key>
            <dict>
                <key>baseConfigurationReference</key>
                <string>E41D3ED613B38FB500A75A5D</string>
                <key>buildSettings</key>
                <dict>
                    <key>ALWAYS_SEARCH_USER_PATHS</key>
                    <string>YES</string>
                    <key>ARCHS</key>
                    <string>$(ARCHS_STANDARD_32_BIT)</string>
                    <key>CODE_SIGN_IDENTITY</key>
                    <string />
                    <key>CODE_SIGN_IDENTITY[sdk=iphoneos*]</key>
                    <string>iPhone Developer</string>
                    <key>COMPRESS_PNG_FILES</key>
                    <string>NO</string>
                    <key>GCC_C_LANGUAGE_STANDARD</key>
                    <string>c99</string>
                    <key>GCC_OPTIMIZATION_LEVEL</key>
                    <string>0</string>
                    <key>GCC_SYMBOLS_PRIVATE_EXTERN</key>
                    <string>NO</string>
                    <key>GCC_WARN_ABOUT_DEPRECATED_FUNCTIONS</key>
                    <string>NO</string>
                    <key>GCC_WARN_ABOUT_INVALID_OFFSETOF_MACRO</key>
                    <string>NO</string>
                    <key>GCC_WARN_ABOUT_POINTER_SIGNEDNESS</key>
                    <string>NO</string>
                    <key>GCC_WARN_ABOUT_RETURN_TYPE</key>
                    <string>YES</string>
                    <key>GCC_WARN_ALLOW_INCOMPLETE_PROTOCOL</key>
                    <string>NO</string>
                    <key>GCC_WARN_PROTOTYPE_CONVERSION</key>
                    <string>NO</string>
                    <key>GCC_WARN_UNUSED_VARIABLE</key>
                    <string>YES</string>
                    <key>IPHONEOS_DEPLOYMENT_TARGET</key>
                    <string>3.1</string>
                    <key>ONLY_ACTIVE_ARCH</key>
                    <string>NO</string>
                    <key>PREBINDING</key>
                    <string>NO</string>
                    <key>PROVISIONING_PROFILE[sdk=iphoneos*]</key>
                    <string />
                    <key>SDKROOT</key>
                    <string>iphoneos</string>
                    <key>TARGETED_DEVICE_FAMILY</key>
                    <string>1</string>
                    <key>WARNING_LDFLAGS</key>
                    <string>-no_arch_warnings</string>
                </dict>
                <key>isa</key>
                <string>XCBuildConfiguration</string>
                <key>name</key>
                <string>Debug</string>
            </dict>
            <key>C01FCF5008A954540054247B</key>
            <dict>
                <key>baseConfigurationReference</key>
                <string>E41D3ED613B38FB500A75A5D</string>
                <key>buildSettings</key>
                <dict>
                    <key>ALWAYS_SEARCH_USER_PATHS</key>
                    <string>YES</string>
                    <key>ARCHS</key>
                    <string>$(ARCHS_STANDARD_32_BIT)</string>
                    <key>CODE_SIGN_IDENTITY</key>
                    <string />
                    <key>CODE_SIGN_IDENTITY[sdk=iphoneos*]</key>
                    <string>iPhone Developer</string>
                    <key>COMPRESS_PNG_FILES</key>
                    <string>NO</string>
                    <key>GCC_C_LANGUAGE_STANDARD</key>
                    <string>c99</string>
                    <key>GCC_DYNAMIC_NO_PIC</key>
                    <string>YES</string>
                    <key>GCC_GENERATE_DEBUGGING_SYMBOLS</key>
                    <string>NO</string>
                    <key>GCC_OPTIMIZATION_LEVEL</key>
                    <string>3</string>
                    <key>GCC_SYMBOLS_PRIVATE_EXTERN</key>
                    <string>NO</string>
                    <key>GCC_THUMB_SUPPORT</key>
                    <string>NO</string>
                    <key>GCC_WARN_ABOUT_RETURN_TYPE</key>
                    <string>YES</string>
                    <key>GCC_WARN_UNUSED_VARIABLE</key>
                    <string>YES</string>
                    <key>IPHONEOS_DEPLOYMENT_TARGET</key>
                    <string>3.1</string>
                    <key>ONLY_ACTIVE_ARCH</key>
                    <string>NO</string>
                    <key>PREBINDING</key>
                    <string>NO</string>
                    <key>SDKROOT</key>
                    <string>iphoneos</string>
                    <key>TARGETED_DEVICE_FAMILY</key>
                    <string>1</string>
                    <key>WARNING_LDFLAGS</key>
                    <string>-no_arch_warnings</string>
                </dict>
                <key>isa</key>
                <string>XCBuildConfiguration</string>
                <key>name</key>
                <string>Release</string>
            </dict>
            <key>E41D3ED613B38FB500A75A5D</key>
            <dict>
                <key>fileEncoding</key>
                <string>4</string>
                <key>isa</key>
                <string>PBXFileReference</string>
                <key>lastKnownFileType</key>
                <string>text.xcconfig</string>
                <key>path</key>
                <string>Project.xcconfig</string>
                <key>sourceTree</key>
                <string>&lt;group&gt;</string>
            </dict>
            <key>E41D3ED713B38FB500A75A5D</key>
            <dict>
                <key>fileRef</key>
                <string>E41D3ED613B38FB500A75A5D</string>
                <key>isa</key>
                <string>PBXBuildFile</string>
            </dict>
            <key>E41D3EE513B3906D00A75A5D</key>
            <dict>
                <key>fileEncoding</key>
                <string>4</string>
                <key>isa</key>
                <string>PBXFileReference</string>
                <key>lastKnownFileType</key>
                <string>text.xcconfig</string>
                <key>name</key>
                <string>CoreOF.xcconfig</string>
                <key>path</key>
                <string>../../../libs/openFrameworksCompiled/project/iphone/CoreOF.xcconfig</string>
                <key>sourceTree</key>
                <string>SOURCE_ROOT</string>
            </dict>
            <key>E41D3EE613B3906D00A75A5D</key>
            <dict>
                <key>fileRef</key>
                <string>E41D3EE513B3906D00A75A5D</string>
                <key>isa</key>
                <string>PBXBuildFile</string>
            </dict>
            <key>E41D400613B39D2100A75A5D</key>
            <dict>
                <key>isa</key>
                <string>PBXFileReference</string>
                <key>lastKnownFileType</key>
                <string>wrapper.framework</string>
                <key>name</key>
                <string>AVFoundation.framework</string>
                <key>path</key>
                <string>System/Library/Frameworks/AVFoundation.framework</string>
                <key>sourceTree</key>
                <string>SDKROOT</string>
            </dict>
            <key>E41D400713B39D2100A75A5D</key>
            <dict>
                <key>isa</key>
                <string>PBXFileReference</string>
                <key>lastKnownFileType</key>
                <string>wrapper.framework</string>
                <key>name</key>
                <string>CoreMedia.framework</string>
                <key>path</key>
                <string>System/Library/Frameworks/CoreMedia.framework</string>
                <key>sourceTree</key>
                <string>SDKROOT</string>
            </dict>
            <key>E41D400813B39D2100A75A5D</key>
            <dict>
                <key>isa</key>
                <string>PBXFileReference</string>
                <key>lastKnownFileType</key>
                <string>wrapper.framework</string>
                <key>name</key>
                <string>CoreVideo.framework</string>
                <key>path</key>
                <string>System/Library/Frameworks/CoreVideo.framework</string>
                <key>sourceTree</key>
                <string>SDKROOT</string>
            </dict>
            <key>E41D400913B39D2100A75A5D</key>
            <dict>
                <key>isa</key>
                <string>PBXFileReference</string>
                <key>lastKnownFileType</key>
                <string>wrapper.framework</string>
                <key>name</key>
                <string>MapKit.framework</string>
                <key>path</key>
                <string>System/Library/Frameworks/MapKit.framework</string>
                <key>sourceTree</key>
                <string>SDKROOT</string>
            </dict>
            <key>E41D400B13B39D2100A75A5D</key>
            <dict>
                <key>fileRef</key>
                <string>E41D400613B39D2100A75A5D</string>
                <key>isa</key>
                <string>PBXBuildFile</string>
            </dict>
            <key>E41D400C13B39D2100A75A5D</key>
            <dict>
                <key>fileRef</key>
                <string>E41D400713B39D2100A75A5D</string>
                <key>isa</key>
                <string>PBXBuildFile</string>
            </dict>
            <key>E41D400D13B39D2100A75A5D</key>
            <dict>
                <key>fileRef</key>
                <string>E41D400813B39D2100A75A5D</string>
                <key>isa</key>
                <string>PBXBuildFile</string>
            </dict>
            <key>E41D400E13B39D2100A75A5D</key>
            <dict>
                <key>fileRef</key>
                <string>E41D400913B39D2100A75A5D</string>
                <key>isa</key>
                <string>PBXBuildFile</string>
            </dict>
            <key>E41D40FD13B3A0D800A75A5D</key>
            <dict>
                <key>isa</key>
                <string>PBXFileReference</string>
                <key>lastKnownFileType</key>
                <string>wrapper.pb-project</string>
                <key>name</key>
                <string>iPhone+OF Lib.xcodeproj</string>
                <key>path</key>
                <string>../../../libs/openFrameworksCompiled/project/iphone/iPhone+OF Lib.xcodeproj</string>
                <key>sourceTree</key>
                <string>SOURCE_ROOT</string>
            </dict>
            <key>E41D40FE13B3A0D800A75A5D</key>
            <dict>
                <key>children</key>
                <array>
                    <string>E41D410213B3A0D800A75A5D</string>
                </array>
                <key>isa</key>
                <string>PBXGroup</string>
                <key>name</key>
                <string>Products</string>
                <key>sourceTree</key>
                <string>&lt;group&gt;</string>
            </dict>
            <key>E41D410113B3A0D800A75A5D</key>
            <dict>
                <key>containerPortal</key>
                <string>E41D40FD13B3A0D800A75A5D</string>
                <key>isa</key>
                <string>PBXContainerItemProxy</string>
                <key>proxyType</key>
                <string>2</string>
                <key>remoteGlobalIDString</key>
                <string>BB24DED610DA7A3F00E9C588</string>
                <key>remoteInfo</key>
                <string>iPhone+OF Static Library</string>
            </dict>
            <key>E41D410213B3A0D800A75A5D</key>
            <dict>
                <key>fileType</key>
                <string>archive.ar</string>
                <key>isa</key>
                <string>PBXReferenceProxy</string>
                <key>path</key>
                <string>libofxiPhone_iphoneos_Release.a</string>
                <key>remoteRef</key>
                <string>E41D410113B3A0D800A75A5D</string>
                <key>sourceTree</key>
                <string>BUILT_PRODUCTS_DIR</string>
            </dict>
            <key>E41D410313B3A11300A75A5D</key>
            <dict>
                <key>containerPortal</key>
                <string>E41D40FD13B3A0D800A75A5D</string>
                <key>isa</key>
                <string>PBXContainerItemProxy</string>
                <key>proxyType</key>
                <string>1</string>
                <key>remoteGlobalIDString</key>
                <string>BB24DE5C10DA7A3F00E9C588</string>
                <key>remoteInfo</key>
                <string>iPhone+OF Static Library</string>
            </dict>
            <key>E41D410413B3A11300A75A5D</key>
            <dict>
                <key>isa</key>
                <string>PBXTargetDependency</string>
                <key>name</key>
                <string>iPhone+OF Static Library</string>
                <key>targetProxy</key>
                <string>E41D410313B3A11300A75A5D</string>
            </dict>
            <key>E41D421413B3A95300A75A5D</key>
            <dict>
                <key>fileRef</key>
                <string>E41D410213B3A0D800A75A5D</string>
                <key>isa</key>
                <string>PBXBuildFile</string>
            </dict>
            <key>E4A823A312561BE3002F86A2</key>
            <dict>
                <key>isa</key>
                <string>PBXFileReference</string>
                <key>lastKnownFileType</key>
                <string>wrapper.framework</string>
                <key>name</key>
                <string>CoreGraphics.framework</string>
                <key>path</key>
                <string>System/Library/Frameworks/CoreGraphics.framework</string>
                <key>sourceTree</key>
                <string>SDKROOT</string>
            </dict>
            <key>E4A823A412561BE3002F86A2</key>
            <dict>
                <key>fileRef</key>
                <string>E4A823A312561BE3002F86A2</string>
                <key>isa</key>
                <string>PBXBuildFile</string>
            </dict>
            <key>E4D8936A11527B74007E1F53</key>
            <dict>
                <key>children</key>
                <array>
                    <string>E4D8936B11527B74007E1F53</string>
                    <string>E4D8936D11527B74007E1F53</string>
                    <string>E4D8936C11527B74007E1F53</string>
                </array>
                <key>isa</key>
                <string>PBXGroup</string>
                <key>path</key>
                <string>src</string>
                <key>sourceTree</key>
                <string>SOURCE_ROOT</string>
            </dict>
            <key>E4D8936B11527B74007E1F53</key>
            <dict>
                <key>fileEncoding</key>
                <string>4</string>
                <key>isa</key>
                <string>PBXFileReference</string>
                <key>lastKnownFileType</key>
                <string>sourcecode.cpp.objcpp</string>
                <key>name</key>
                <string>main.mm</string>
                <key>path</key>
                <string>src/main.mm</string>
                <key>sourceTree</key>
                <string>SOURCE_ROOT</string>
            </dict>
            <key>E4D8936C11527B74007E1F53</key>
            <dict>
                <key>fileEncoding</key>
                <string>4</string>
                <key>isa</key>
                <string>PBXFileReference</string>
                <key>lastKnownFileType</key>
                <string>sourcecode.c.h</string>
                <key>name</key>
                <string>testApp.h</string>
                <key>path</key>
                <string>src/testApp.h</string>
                <key>sourceTree</key>
                <string>SOURCE_ROOT</string>
            </dict>
            <key>E4D8936D11527B74007E1F53</key>
            <dict>
                <key>fileEncoding</key>
                <string>4</string>
                <key>isa</key>
                <string>PBXFileReference</string>
                <key>lastKnownFileType</key>
                <string>sourcecode.cpp.objcpp</string>
                <key>name</key>
                <string>testApp.mm</string>
                <key>path</key>
                <string>src/testApp.mm</string>
                <key>sourceTree</key>
                <string>SOURCE_ROOT</string>
            </dict>
            <key>E4D8936E11527B74007E1F53</key>
            <dict>
                <key>fileRef</key>
                <string>E4D8936B11527B74007E1F53</string>
                <key>isa</key>
                <string>PBXBuildFile</string>
            </dict>
            <key>E4D8936F11527B74007E1F53</key>
            <dict>
                <key>fileRef</key>
                <string>E4D8936D11527B74007E1F53</string>
                <key>isa</key>
                <string>PBXBuildFile</string>
            </dict>
            <key>f24585da6e5c4eab810cc6a155493bbb</key>
            <dict>
                <key>children</key>
                <array>
                    <string>c07da9684ecb5a2f81ce6f1e9b4838db</string>
                </array>
                <key>isa</key>
                <string>PBXGroup</string>
                <key>name</key>
                <string>images</string>
                <key>sourceTree</key>
                <string>&lt;group&gt;</string>
            </dict>
            <key>c07da9684ecb5a2f81ce6f1e9b4838db</key>
            <dict>
                <key>children</key>
                <array>
                    <string>59c288d86d68e1dced9f2223616172b5</string>
                    <string>c00074e71e8634f3bd7dcb051cb07a97</string>
                    <string>8d06e03530c333cfc8d0418ed79496cc</string>
                    <string>3e13a18792cc0a5fe5f8e4d118c813b9</string>
                    <string>9fb6c5bea69e5cc34bf2629fe9c0a29b</string>
                    <string>d423770f89a3dfb655d93d5ef88a019f</string>
                    <string>cab06556afaf17d356d6aeaed79504af</string>
                    <string>32fe7018863f779c59aefcf7fd3d7a8f</string>
                    <string>d86c523bb940e98a4abfcbc1360f2573</string>
                    <string>d56f76986bcdc931ffb21ca380047281</string>
                    <string>d6f4a4014ac45197b6110f97c978bc4e</string>
                    <string>142d80a0c350dd1b6e9dc5b8c16ad69e</string>
                    <string>1eda61289345260c46ffd7a96e0720fc</string>
                    <string>5cfad1adb3bcdc21d71d86f94ed54d63</string>
                    <string>5dda109fccce44368f641f45376ce988</string>
                    <string>8ef481bd313861c8c53945785b2a72b7</string>
                    <string>5643e7cd48ff58b78f3a46ed1c0d70bd</string>
                    <string>e21cc52c0e6040e80bdc92ac7880d860</string>
                    <string>c12cba51571090a996131e8c4f67ed54</string>
                    <string>29baf8d88943ac9ce1f98951bf5480a5</string>
                    <string>b96df53574872536946d107c2f62395a</string>
                    <string>331ef8daf9f7543d0a64bbd3e8675c2c</string>
                </array>
                <key>isa</key>
                <string>PBXGroup</string>
                <key>name</key>
                <string>of_logos</string>
                <key>sourceTree</key>
                <string>&lt;group&gt;</string>
            </dict>
            <key>59c288d86d68e1dced9f2223616172b5</key>
            <dict>
                <key>fileEncoding</key>
                <string>4</string>
                <key>isa</key>
                <string>PBXFileReference</string>
                <key>lastKnownFileType</key>
                <string>file</string>
                <key>name</key>
                <string>DSC09302.jpg</string>
                <key>path</key>
                <string>bin/data/images/of_logos/DSC09302.jpg</string>
                <key>sourceTree</key>
                <string>SOURCE_ROOT</string>
            </dict>
            <key>037c0299c9901e1fff8b41f43ba81469</key>
            <dict>
                <key>fileRef</key>
                <string>59c288d86d68e1dced9f2223616172b5</string>
                <key>isa</key>
                <string>PBXBuildFile</string>
            </dict>
            <key>7bbed7d36ca53f4e14912bf55e579cd7</key>
            <dict>
                <key>fileRef</key>
                <string>59c288d86d68e1dced9f2223616172b5</string>
                <key>isa</key>
                <string>PBXBuildFile</string>
            </dict>
            <key>c00074e71e8634f3bd7dcb051cb07a97</key>
            <dict>
                <key>fileEncoding</key>
                <string>4</string>
                <key>isa</key>
                <string>PBXFileReference</string>
                <key>lastKnownFileType</key>
                <string>file</string>
                <key>name</key>
                <string>DSC09305.jpg</string>
                <key>path</key>
                <string>bin/data/images/of_logos/DSC09305.jpg</string>
                <key>sourceTree</key>
                <string>SOURCE_ROOT</string>
            </dict>
            <key>ed74b2fdd12976d2092fd74b6ed34840</key>
            <dict>
                <key>fileRef</key>
                <string>c00074e71e8634f3bd7dcb051cb07a97</string>
                <key>isa</key>
                <string>PBXBuildFile</string>
            </dict>
            <key>dcceb767a760ade46082ef3434288bd6</key>
            <dict>
                <key>fileRef</key>
                <string>c00074e71e8634f3bd7dcb051cb07a97</string>
                <key>isa</key>
                <string>PBXBuildFile</string>
            </dict>
            <key>8d06e03530c333cfc8d0418ed79496cc</key>
            <dict>
                <key>fileEncoding</key>
                <string>4</string>
                <key>isa</key>
                <string>PBXFileReference</string>
                <key>lastKnownFileType</key>
                <string>file</string>
                <key>name</key>
                <string>DSC09307.jpg</string>
                <key>path</key>
                <string>bin/data/images/of_logos/DSC09307.jpg</string>
                <key>sourceTree</key>
                <string>SOURCE_ROOT</string>
            </dict>
            <key>ad17f2284288e18a8db66ec04970e86d</key>
            <dict>
                <key>fileRef</key>
                <string>8d06e03530c333cfc8d0418ed79496cc</string>
                <key>isa</key>
                <string>PBXBuildFile</string>
            </dict>
            <key>badde664c79f322d2165be87a1c69630</key>
            <dict>
                <key>fileRef</key>
                <string>8d06e03530c333cfc8d0418ed79496cc</string>
                <key>isa</key>
                <string>PBXBuildFile</string>
            </dict>
            <key>3e13a18792cc0a5fe5f8e4d118c813b9</key>
            <dict>
                <key>fileEncoding</key>
                <string>4</string>
                <key>isa</key>
                <string>PBXFileReference</string>
                <key>lastKnownFileType</key>
                <string>file</string>
                <key>name</key>
                <string>DSC09310.jpg</string>
                <key>path</key>
                <string>bin/data/images/of_logos/DSC09310.jpg</string>
                <key>sourceTree</key>
                <string>SOURCE_ROOT</string>
            </dict>
            <key>8fe551ea2101e41afa21bc505a45ab7d</key>
            <dict>
                <key>fileRef</key>
                <string>3e13a18792cc0a5fe5f8e4d118c813b9</string>
                <key>isa</key>
                <string>PBXBuildFile</string>
            </dict>
            <key>02f5d0ae7d10869e4e2ba5c8ad02339b</key>
            <dict>
                <key>fileRef</key>
                <string>3e13a18792cc0a5fe5f8e4d118c813b9</string>
                <key>isa</key>
                <string>PBXBuildFile</string>
            </dict>
            <key>9fb6c5bea69e5cc34bf2629fe9c0a29b</key>
            <dict>
                <key>fileEncoding</key>
                <string>4</string>
                <key>isa</key>
                <string>PBXFileReference</string>
                <key>lastKnownFileType</key>
                <string>file</string>
                <key>name</key>
                <string>DSC09311.jpg</string>
                <key>path</key>
                <string>bin/data/images/of_logos/DSC09311.jpg</string>
                <key>sourceTree</key>
                <string>SOURCE_ROOT</string>
            </dict>
            <key>9b570f75f7ed050232e86a6d0bd8e987</key>
            <dict>
                <key>fileRef</key>
                <string>9fb6c5bea69e5cc34bf2629fe9c0a29b</string>
                <key>isa</key>
                <string>PBXBuildFile</string>
            </dict>
            <key>41e7399ccb139bc426a1cb27225fcd88</key>
            <dict>
                <key>fileRef</key>
                <string>9fb6c5bea69e5cc34bf2629fe9c0a29b</string>
                <key>isa</key>
                <string>PBXBuildFile</string>
            </dict>
            <key>d423770f89a3dfb655d93d5ef88a019f</key>
            <dict>
                <key>fileEncoding</key>
                <string>4</string>
                <key>isa</key>
                <string>PBXFileReference</string>
                <key>lastKnownFileType</key>
                <string>file</string>
                <key>name</key>
                <string>DSC09315.jpg</string>
                <key>path</key>
                <string>bin/data/images/of_logos/DSC09315.jpg</string>
                <key>sourceTree</key>
                <string>SOURCE_ROOT</string>
            </dict>
            <key>b12ead00fb638ff6aba115d538b39e57</key>
            <dict>
                <key>fileRef</key>
                <string>d423770f89a3dfb655d93d5ef88a019f</string>
                <key>isa</key>
                <string>PBXBuildFile</string>
            </dict>
            <key>cecee3f826475d08eb94fae360653b60</key>
            <dict>
                <key>fileRef</key>
                <string>d423770f89a3dfb655d93d5ef88a019f</string>
                <key>isa</key>
                <string>PBXBuildFile</string>
            </dict>
            <key>cab06556afaf17d356d6aeaed79504af</key>
            <dict>
                <key>fileEncoding</key>
                <string>4</string>
                <key>isa</key>
                <string>PBXFileReference</string>
                <key>lastKnownFileType</key>
                <string>file</string>
                <key>name</key>
                <string>DSC09316.jpg</string>
                <key>path</key>
                <string>bin/data/images/of_logos/DSC09316.jpg</string>
                <key>sourceTree</key>
                <string>SOURCE_ROOT</string>
            </dict>
            <key>e3c562f346baad6d0d3f0e56a65969a1</key>
            <dict>
                <key>fileRef</key>
                <string>cab06556afaf17d356d6aeaed79504af</string>
                <key>isa</key>
                <string>PBXBuildFile</string>
            </dict>
            <key>f8474ed770c2c0d4f987dc0cf9b252df</key>
            <dict>
                <key>fileRef</key>
                <string>cab06556afaf17d356d6aeaed79504af</string>
                <key>isa</key>
                <string>PBXBuildFile</string>
            </dict>
            <key>32fe7018863f779c59aefcf7fd3d7a8f</key>
            <dict>
                <key>fileEncoding</key>
                <string>4</string>
                <key>isa</key>
                <string>PBXFileReference</string>
                <key>lastKnownFileType</key>
                <string>file</string>
                <key>name</key>
                <string>DSC09318.jpg</string>
                <key>path</key>
                <string>bin/data/images/of_logos/DSC09318.jpg</string>
                <key>sourceTree</key>
                <string>SOURCE_ROOT</string>
            </dict>
            <key>e5fad85765f59993852f4e0d5d670c53</key>
            <dict>
                <key>fileRef</key>
                <string>32fe7018863f779c59aefcf7fd3d7a8f</string>
                <key>isa</key>
                <string>PBXBuildFile</string>
            </dict>
            <key>383a38a743d5b1b25de92e32d769aea2</key>
            <dict>
                <key>fileRef</key>
                <string>32fe7018863f779c59aefcf7fd3d7a8f</string>
                <key>isa</key>
                <string>PBXBuildFile</string>
            </dict>
            <key>d86c523bb940e98a4abfcbc1360f2573</key>
            <dict>
                <key>fileEncoding</key>
                <string>4</string>
                <key>isa</key>
                <string>PBXFileReference</string>
                <key>lastKnownFileType</key>
                <string>file</string>
                <key>name</key>
                <string>DSC09320.jpg</string>
                <key>path</key>
                <string>bin/data/images/of_logos/DSC09320.jpg</string>
                <key>sourceTree</key>
                <string>SOURCE_ROOT</string>
            </dict>
            <key>76dcc0e2240f4fbc22e382c58ae70699</key>
            <dict>
                <key>fileRef</key>
                <string>d86c523bb940e98a4abfcbc1360f2573</string>
                <key>isa</key>
                <string>PBXBuildFile</string>
            </dict>
            <key>643be005b7f6ae368e5a6973f939950a</key>
            <dict>
                <key>fileRef</key>
                <string>d86c523bb940e98a4abfcbc1360f2573</string>
                <key>isa</key>
                <string>PBXBuildFile</string>
            </dict>
            <key>d56f76986bcdc931ffb21ca380047281</key>
            <dict>
                <key>fileEncoding</key>
                <string>4</string>
                <key>isa</key>
                <string>PBXFileReference</string>
                <key>lastKnownFileType</key>
                <string>file</string>
                <key>name</key>
                <string>DSC09322.jpg</string>
                <key>path</key>
                <string>bin/data/images/of_logos/DSC09322.jpg</string>
                <key>sourceTree</key>
                <string>SOURCE_ROOT</string>
            </dict>
            <key>5e41afe1d9d32a88f5b8e24c52332c2f</key>
            <dict>
                <key>fileRef</key>
                <string>d56f76986bcdc931ffb21ca380047281</string>
                <key>isa</key>
                <string>PBXBuildFile</string>
            </dict>
            <key>77fe68e9b0d912f622a9252d24e771a1</key>
            <dict>
                <key>fileRef</key>
                <string>d56f76986bcdc931ffb21ca380047281</string>
                <key>isa</key>
                <string>PBXBuildFile</string>
            </dict>
            <key>d6f4a4014ac45197b6110f97c978bc4e</key>
            <dict>
                <key>fileEncoding</key>
                <string>4</string>
                <key>isa</key>
                <string>PBXFileReference</string>
                <key>lastKnownFileType</key>
                <string>file</string>
                <key>name</key>
                <string>DSC09324.jpg</string>
                <key>path</key>
                <string>bin/data/images/of_logos/DSC09324.jpg</string>
                <key>sourceTree</key>
                <string>SOURCE_ROOT</string>
            </dict>
            <key>77ba41654ade3065723841d244dd9430</key>
            <dict>
                <key>fileRef</key>
                <string>d6f4a4014ac45197b6110f97c978bc4e</string>
                <key>isa</key>
                <string>PBXBuildFile</string>
            </dict>
            <key>9036c854f193358044542b2ddae9cadf</key>
            <dict>
                <key>fileRef</key>
                <string>d6f4a4014ac45197b6110f97c978bc4e</string>
                <key>isa</key>
                <string>PBXBuildFile</string>
            </dict>
            <key>142d80a0c350dd1b6e9dc5b8c16ad69e</key>
            <dict>
                <key>fileEncoding</key>
                <string>4</string>
                <key>isa</key>
                <string>PBXFileReference</string>
                <key>lastKnownFileType</key>
                <string>file</string>
                <key>name</key>
                <string>DSC09326.jpg</string>
                <key>path</key>
                <string>bin/data/images/of_logos/DSC09326.jpg</string>
                <key>sourceTree</key>
                <string>SOURCE_ROOT</string>
            </dict>
            <key>43e4adadd503300ff65c0a8d6271a493</key>
            <dict>
                <key>fileRef</key>
                <string>142d80a0c350dd1b6e9dc5b8c16ad69e</string>
                <key>isa</key>
                <string>PBXBuildFile</string>
            </dict>
            <key>252b1505359d2ee0bebe467d59d9c314</key>
            <dict>
                <key>fileRef</key>
                <string>142d80a0c350dd1b6e9dc5b8c16ad69e</string>
                <key>isa</key>
                <string>PBXBuildFile</string>
            </dict>
            <key>1eda61289345260c46ffd7a96e0720fc</key>
            <dict>
                <key>fileEncoding</key>
                <string>4</string>
                <key>isa</key>
                <string>PBXFileReference</string>
                <key>lastKnownFileType</key>
                <string>file</string>
                <key>name</key>
                <string>DSC09327.jpg</string>
                <key>path</key>
                <string>bin/data/images/of_logos/DSC09327.jpg</string>
                <key>sourceTree</key>
                <string>SOURCE_ROOT</string>
            </dict>
            <key>9fb3f702653d94c759cfa225112f5118</key>
            <dict>
                <key>fileRef</key>
                <string>1eda61289345260c46ffd7a96e0720fc</string>
                <key>isa</key>
                <string>PBXBuildFile</string>
            </dict>
            <key>030025a2a3a10b21a8d05df25d05fd37</key>
            <dict>
                <key>fileRef</key>
                <string>1eda61289345260c46ffd7a96e0720fc</string>
                <key>isa</key>
                <string>PBXBuildFile</string>
            </dict>
            <key>5cfad1adb3bcdc21d71d86f94ed54d63</key>
            <dict>
                <key>fileEncoding</key>
                <string>4</string>
                <key>isa</key>
                <string>PBXFileReference</string>
                <key>lastKnownFileType</key>
                <string>file</string>
                <key>name</key>
                <string>DSC09329.jpg</string>
                <key>path</key>
                <string>bin/data/images/of_logos/DSC09329.jpg</string>
                <key>sourceTree</key>
                <string>SOURCE_ROOT</string>
            </dict>
            <key>f3a589c2b9caf19f55cf31cae375e9a6</key>
            <dict>
                <key>fileRef</key>
                <string>5cfad1adb3bcdc21d71d86f94ed54d63</string>
                <key>isa</key>
                <string>PBXBuildFile</string>
            </dict>
            <key>8442c0869991635aec7765ec930c850f</key>
            <dict>
                <key>fileRef</key>
                <string>5cfad1adb3bcdc21d71d86f94ed54d63</string>
                <key>isa</key>
                <string>PBXBuildFile</string>
            </dict>
            <key>5dda109fccce44368f641f45376ce988</key>
            <dict>
                <key>fileEncoding</key>
                <string>4</string>
                <key>isa</key>
                <string>PBXFileReference</string>
                <key>lastKnownFileType</key>
                <string>file</string>
                <key>name</key>
                <string>DSC09330.jpg</string>
                <key>path</key>
                <string>bin/data/images/of_logos/DSC09330.jpg</string>
                <key>sourceTree</key>
                <string>SOURCE_ROOT</string>
            </dict>
            <key>4d5c7e297b8e61ae7a605deb5ce6d0ee</key>
            <dict>
                <key>fileRef</key>
                <string>5dda109fccce44368f641f45376ce988</string>
                <key>isa</key>
                <string>PBXBuildFile</string>
            </dict>
            <key>6e0f93bddced040820f48acc4d7cde4c</key>
            <dict>
                <key>fileRef</key>
                <string>5dda109fccce44368f641f45376ce988</string>
                <key>isa</key>
                <string>PBXBuildFile</string>
            </dict>
            <key>8ef481bd313861c8c53945785b2a72b7</key>
            <dict>
                <key>fileEncoding</key>
                <string>4</string>
                <key>isa</key>
                <string>PBXFileReference</string>
                <key>lastKnownFileType</key>
                <string>file</string>
                <key>name</key>
                <string>DSC09334.jpg</string>
                <key>path</key>
                <string>bin/data/images/of_logos/DSC09334.jpg</string>
                <key>sourceTree</key>
                <string>SOURCE_ROOT</string>
            </dict>
            <key>cddc58d927675d3f913e7c152b65806b</key>
            <dict>
                <key>fileRef</key>
                <string>8ef481bd313861c8c53945785b2a72b7</string>
                <key>isa</key>
                <string>PBXBuildFile</string>
            </dict>
            <key>652655264c284addda7a0765d7946f56</key>
            <dict>
                <key>fileRef</key>
                <string>8ef481bd313861c8c53945785b2a72b7</string>
                <key>isa</key>
                <string>PBXBuildFile</string>
            </dict>
            <key>5643e7cd48ff58b78f3a46ed1c0d70bd</key>
            <dict>
                <key>fileEncoding</key>
                <string>4</string>
                <key>isa</key>
                <string>PBXFileReference</string>
                <key>lastKnownFileType</key>
                <string>file</string>
                <key>name</key>
                <string>DSC09336.jpg</string>
                <key>path</key>
                <string>bin/data/images/of_logos/DSC09336.jpg</string>
                <key>sourceTree</key>
                <string>SOURCE_ROOT</string>
            </dict>
            <key>e8d3497663fb96f17b99ff1b20eca1f4</key>
            <dict>
                <key>fileRef</key>
                <string>5643e7cd48ff58b78f3a46ed1c0d70bd</string>
                <key>isa</key>
                <string>PBXBuildFile</string>
            </dict>
            <key>2bd23c9d99baf9b2e5777eeda39d1f74</key>
            <dict>
                <key>fileRef</key>
                <string>5643e7cd48ff58b78f3a46ed1c0d70bd</string>
                <key>isa</key>
                <string>PBXBuildFile</string>
            </dict>
            <key>e21cc52c0e6040e80bdc92ac7880d860</key>
            <dict>
                <key>fileEncoding</key>
                <string>4</string>
                <key>isa</key>
                <string>PBXFileReference</string>
                <key>lastKnownFileType</key>
                <string>file</string>
                <key>name</key>
                <string>DSC09337.jpg</string>
                <key>path</key>
                <string>bin/data/images/of_logos/DSC09337.jpg</string>
                <key>sourceTree</key>
                <string>SOURCE_ROOT</string>
            </dict>
            <key>a4bbdc9ac906048018caa27a621b46b0</key>
            <dict>
                <key>fileRef</key>
                <string>e21cc52c0e6040e80bdc92ac7880d860</string>
                <key>isa</key>
                <string>PBXBuildFile</string>
            </dict>
            <key>4f7122e9356f6ebc789e040514319bd4</key>
            <dict>
                <key>fileRef</key>
                <string>e21cc52c0e6040e80bdc92ac7880d860</string>
                <key>isa</key>
                <string>PBXBuildFile</string>
            </dict>
            <key>c12cba51571090a996131e8c4f67ed54</key>
            <dict>
                <key>fileEncoding</key>
                <string>4</string>
                <key>isa</key>
                <string>PBXFileReference</string>
                <key>lastKnownFileType</key>
                <string>file</string>
                <key>name</key>
                <string>DSC09341.jpg</string>
                <key>path</key>
                <string>bin/data/images/of_logos/DSC09341.jpg</string>
                <key>sourceTree</key>
                <string>SOURCE_ROOT</string>
            </dict>
            <key>af361b6bed0248ef621aeb03cbdc3593</key>
            <dict>
                <key>fileRef</key>
                <string>c12cba51571090a996131e8c4f67ed54</string>
                <key>isa</key>
                <string>PBXBuildFile</string>
            </dict>
            <key>b419c11020e5ea8ce9f06cda8c691117</key>
            <dict>
                <key>fileRef</key>
                <string>c12cba51571090a996131e8c4f67ed54</string>
                <key>isa</key>
                <string>PBXBuildFile</string>
            </dict>
            <key>29baf8d88943ac9ce1f98951bf5480a5</key>
            <dict>
                <key>fileEncoding</key>
                <string>4</string>
                <key>isa</key>
                <string>PBXFileReference</string>
                <key>lastKnownFileType</key>
                <string>file</string>
                <key>name</key>
                <string>DSC09343.jpg</string>
                <key>path</key>
                <string>bin/data/images/of_logos/DSC09343.jpg</string>
                <key>sourceTree</key>
                <string>SOURCE_ROOT</string>
            </dict>
            <key>99c3212d1c7f704f3044c18b30ea38d6</key>
            <dict>
                <key>fileRef</key>
                <string>29baf8d88943ac9ce1f98951bf5480a5</string>
                <key>isa</key>
                <string>PBXBuildFile</string>
            </dict>
            <key>f1f09d96f4de5c4a72a47d19c08c7c5e</key>
            <dict>
                <key>fileRef</key>
                <string>29baf8d88943ac9ce1f98951bf5480a5</string>
                <key>isa</key>
                <string>PBXBuildFile</string>
            </dict>
            <key>b96df53574872536946d107c2f62395a</key>
            <dict>
                <key>fileEncoding</key>
                <string>4</string>
                <key>isa</key>
                <string>PBXFileReference</string>
                <key>lastKnownFileType</key>
                <string>file</string>
                <key>name</key>
                <string>DSC09344.jpg</string>
                <key>path</key>
                <string>bin/data/images/of_logos/DSC09344.jpg</string>
                <key>sourceTree</key>
                <string>SOURCE_ROOT</string>
            </dict>
            <key>90fd8b382a3b362a1c6bc857a512793c</key>
            <dict>
                <key>fileRef</key>
                <string>b96df53574872536946d107c2f62395a</string>
                <key>isa</key>
                <string>PBXBuildFile</string>
            </dict>
            <key>e2e8b9815d7856ba679ddad2c515bec0</key>
            <dict>
                <key>fileRef</key>
                <string>b96df53574872536946d107c2f62395a</string>
                <key>isa</key>
                <string>PBXBuildFile</string>
            </dict>
            <key>331ef8daf9f7543d0a64bbd3e8675c2c</key>
            <dict>
                <key>fileEncoding</key>
                <string>4</string>
                <key>isa</key>
                <string>PBXFileReference</string>
                <key>lastKnownFileType</key>
                <string>file</string>
                <key>name</key>
                <string>DSC09347.jpg</string>
                <key>path</key>
                <string>bin/data/images/of_logos/DSC09347.jpg</string>
                <key>sourceTree</key>
                <string>SOURCE_ROOT</string>
            </dict>
            <key>152144391dc09d9ea67278a1b3d8fb4a</key>
            <dict>
                <key>fileRef</key>
                <string>331ef8daf9f7543d0a64bbd3e8675c2c</string>
                <key>isa</key>
                <string>PBXBuildFile</string>
            </dict>
            <key>ffc27e1b4e3a097485252df9d9a1b468</key>
            <dict>
                <key>fileRef</key>
                <string>331ef8daf9f7543d0a64bbd3e8675c2c</string>
                <key>isa</key>
                <string>PBXBuildFile</string>
            </dict>
        </dict>
        <key>rootObject</key>
        <string>29B97313FDCFA39411CA2CEA</string>
    </dict>
</plist>
